{
  "pins" : [
    {
      "identity" : "swift-package-inappmessaging",
      "kind" : "remoteSourceControl",
      "location" : "https://github.com/Salesforce-Async-Messaging/Swift-Package-InAppMessaging",
      "state" : {
        "revision" : "d8341052682bd6c70fdcdcd4431ffc223b5b356a",
        "version" : "1.4.0"
      }
    }
  ],
  "version" : 2
}
