{
  "pins" : [
    {
      "identity" : "swift-package-inappmessaging",
      "kind" : "remoteSourceControl",
      "location" : "https://github.com/Salesforce-Async-Messaging/Swift-Package-InAppMessaging",
      "state" : {
        "revision" : "a7cb1e44749590dc104c12eca27d02fc089ff57c",
        "version" : "1.4.2"
      }
    }
  ],
  "version" : 2
}
