{
  "pins" : [
    {
      "identity" : "swift-package-inappmessaging",
      "kind" : "remoteSourceControl",
      "location" : "https://github.com/Salesforce-Async-Messaging/Swift-Package-InAppMessaging",
      "state" : {
        "revision" : "eaa26990c90ffcbe75f319a40c7ebe2c4a2abf73",
        "version" : "1.3.0"
      }
    }
  ],
  "version" : 2
}
