// !$*UTF8*$!
{
	archiveVersion = 1;
	classes = {
	};
	objectVersion = 56;
	objects = {

/* Begin PBXBuildFile section */
		279DF19529E6FA7F00A50813 /* MessageViewModel+TemplatedUrlDelegate.swift in Sources */ = {isa = PBXBuildFile; fileRef = 279DF19429E6FA7F00A50813 /* MessageViewModel+TemplatedUrlDelegate.swift */; };
		279DF19729E6FAC100A50813 /* MessaingViewModel+UserVerifictionDelegate.swift in Sources */ = {isa = PBXBuildFile; fileRef = 279DF19629E6FAC100A50813 /* MessaingViewModel+UserVerifictionDelegate.swift */; };
		279DF19929E6FAFF00A50813 /* MessagingViewModel+HiddenPreChatDelegate.swift in Sources */ = {isa = PBXBuildFile; fileRef = 279DF19829E6FAFF00A50813 /* MessagingViewModel+HiddenPreChatDelegate.swift */; };
		279DF19B29E6FB3200A50813 /* MessagingViewModel+CoreDelegate.swift in Sources */ = {isa = PBXBuildFile; fileRef = 279DF19A29E6FB3200A50813 /* MessagingViewModel+CoreDelegate.swift */; };
		27C8231529E5D72E00A142EA /* Swift-InAppMessaging in Frameworks */ = {isa = PBXBuildFile; productRef = 27C8231429E5D72E00A142EA /* Swift-InAppMessaging */; };
		27C8231C29E5DA9B00A142EA /* MessagingViewModel.swift in Sources */ = {isa = PBXBuildFile; fileRef = 27C8231B29E5DA9B00A142EA /* MessagingViewModel.swift */; };
		27E70B6B29E5AB0C00B3E72C /* MessagingCoreExampleApp.swift in Sources */ = {isa = PBXBuildFile; fileRef = 27E70B6A29E5AB0C00B3E72C /* MessagingCoreExampleApp.swift */; };
		27E70B6D29E5AB0C00B3E72C /* ContentView.swift in Sources */ = {isa = PBXBuildFile; fileRef = 27E70B6C29E5AB0C00B3E72C /* ContentView.swift */; };
		27E70B6F29E5AB0F00B3E72C /* Assets.xcassets in Resources */ = {isa = PBXBuildFile; fileRef = 27E70B6E29E5AB0F00B3E72C /* Assets.xcassets */; };
		8720C47529EE0E7A003481CD /* configFile.json in Resources */ = {isa = PBXBuildFile; fileRef = 8720C47429EE0E7A003481CD /* configFile.json */; };
/* End PBXBuildFile section */

/* Begin PBXFileReference section */
		279DF19429E6FA7F00A50813 /* MessageViewModel+TemplatedUrlDelegate.swift */ = {isa = PBXFileReference; lastKnownFileType = sourcecode.swift; path = "MessageViewModel+TemplatedUrlDelegate.swift"; sourceTree = "<group>"; };
		279DF19629E6FAC100A50813 /* MessaingViewModel+UserVerifictionDelegate.swift */ = {isa = PBXFileReference; lastKnownFileType = sourcecode.swift; path = "MessaingViewModel+UserVerifictionDelegate.swift"; sourceTree = "<group>"; };
		279DF19829E6FAFF00A50813 /* MessagingViewModel+HiddenPreChatDelegate.swift */ = {isa = PBXFileReference; lastKnownFileType = sourcecode.swift; path = "MessagingViewModel+HiddenPreChatDelegate.swift"; sourceTree = "<group>"; };
		279DF19A29E6FB3200A50813 /* MessagingViewModel+CoreDelegate.swift */ = {isa = PBXFileReference; lastKnownFileType = sourcecode.swift; path = "MessagingViewModel+CoreDelegate.swift"; sourceTree = "<group>"; };
		27C8231B29E5DA9B00A142EA /* MessagingViewModel.swift */ = {isa = PBXFileReference; lastKnownFileType = sourcecode.swift; path = MessagingViewModel.swift; sourceTree = "<group>"; };
		27E70B6729E5AB0C00B3E72C /* MessagingCoreExample.app */ = {isa = PBXFileReference; explicitFileType = wrapper.application; includeInIndex = 0; path = MessagingCoreExample.app; sourceTree = BUILT_PRODUCTS_DIR; };
		27E70B6A29E5AB0C00B3E72C /* MessagingCoreExampleApp.swift */ = {isa = PBXFileReference; lastKnownFileType = sourcecode.swift; path = MessagingCoreExampleApp.swift; sourceTree = "<group>"; };
		27E70B6C29E5AB0C00B3E72C /* ContentView.swift */ = {isa = PBXFileReference; lastKnownFileType = sourcecode.swift; path = ContentView.swift; sourceTree = "<group>"; };
		27E70B6E29E5AB0F00B3E72C /* Assets.xcassets */ = {isa = PBXFileReference; lastKnownFileType = folder.assetcatalog; path = Assets.xcassets; sourceTree = "<group>"; };
		8720C47429EE0E7A003481CD /* configFile.json */ = {isa = PBXFileReference; fileEncoding = 4; lastKnownFileType = text.json; name = configFile.json; path = ../../MessagingBasicExample/configFile.json; sourceTree = "<group>"; };
/* End PBXFileReference section */

/* Begin PBXFrameworksBuildPhase section */
		27E70B6429E5AB0C00B3E72C /* Frameworks */ = {
			isa = PBXFrameworksBuildPhase;
			buildActionMask = 2147483647;
			files = (
				27C8231529E5D72E00A142EA /* Swift-InAppMessaging in Frameworks */,
			);
			runOnlyForDeploymentPostprocessing = 0;
		};
/* End PBXFrameworksBuildPhase section */

/* Begin PBXGroup section */
		279DF18D29E6D86500A50813 /* Models */ = {
			isa = PBXGroup;
			children = (
				27C8231B29E5DA9B00A142EA /* MessagingViewModel.swift */,
			);
			path = Models;
			sourceTree = "<group>";
		};
		279DF18E29E6D87A00A50813 /* Views */ = {
			isa = PBXGroup;
			children = (
				27E70B6A29E5AB0C00B3E72C /* MessagingCoreExampleApp.swift */,
				27E70B6C29E5AB0C00B3E72C /* ContentView.swift */,
			);
			path = Views;
			sourceTree = "<group>";
		};
		279DF18F29E6DA9F00A50813 /* Delegates */ = {
			isa = PBXGroup;
			children = (
				279DF19429E6FA7F00A50813 /* MessageViewModel+TemplatedUrlDelegate.swift */,
				279DF19629E6FAC100A50813 /* MessaingViewModel+UserVerifictionDelegate.swift */,
				279DF19829E6FAFF00A50813 /* MessagingViewModel+HiddenPreChatDelegate.swift */,
				279DF19A29E6FB3200A50813 /* MessagingViewModel+CoreDelegate.swift */,
			);
			path = Delegates;
			sourceTree = "<group>";
		};
		27E70B5E29E5AB0C00B3E72C = {
			isa = PBXGroup;
			children = (
				27E70B6929E5AB0C00B3E72C /* MessagingCoreExample */,
				27E70B6829E5AB0C00B3E72C /* Products */,
			);
			sourceTree = "<group>";
		};
		27E70B6829E5AB0C00B3E72C /* Products */ = {
			isa = PBXGroup;
			children = (
				27E70B6729E5AB0C00B3E72C /* MessagingCoreExample.app */,
			);
			name = Products;
			sourceTree = "<group>";
		};
		27E70B6929E5AB0C00B3E72C /* MessagingCoreExample */ = {
			isa = PBXGroup;
			children = (
				279DF18F29E6DA9F00A50813 /* Delegates */,
				279DF18E29E6D87A00A50813 /* Views */,
				279DF18D29E6D86500A50813 /* Models */,
				8720C47429EE0E7A003481CD /* configFile.json */,
				27E70B6E29E5AB0F00B3E72C /* Assets.xcassets */,
			);
			path = MessagingCoreExample;
			sourceTree = "<group>";
		};
/* End PBXGroup section */

/* Begin PBXNativeTarget section */
		27E70B6629E5AB0C00B3E72C /* MessagingCoreExample */ = {
			isa = PBXNativeTarget;
			buildConfigurationList = 27E70B7529E5AB0F00B3E72C /* Build configuration list for PBXNativeTarget "MessagingCoreExample" */;
			buildPhases = (
				27E70B6329E5AB0C00B3E72C /* Sources */,
				27E70B6429E5AB0C00B3E72C /* Frameworks */,
				27E70B6529E5AB0C00B3E72C /* Resources */,
			);
			buildRules = (
			);
			dependencies = (
			);
			name = MessagingCoreExample;
			packageProductDependencies = (
				27C8231429E5D72E00A142EA /* Swift-InAppMessaging */,
			);
			productName = MessagingCoreExample;
			productReference = 27E70B6729E5AB0C00B3E72C /* MessagingCoreExample.app */;
			productType = "com.apple.product-type.application";
		};
/* End PBXNativeTarget section */

/* Begin PBXProject section */
		27E70B5F29E5AB0C00B3E72C /* Project object */ = {
			isa = PBXProject;
			attributes = {
				BuildIndependentTargetsInParallel = 1;
				LastSwiftUpdateCheck = 1430;
				LastUpgradeCheck = 1430;
				TargetAttributes = {
					27E70B6629E5AB0C00B3E72C = {
						CreatedOnToolsVersion = 14.3;
					};
				};
			};
			buildConfigurationList = 27E70B6229E5AB0C00B3E72C /* Build configuration list for PBXProject "MessagingCoreExample" */;
			compatibilityVersion = "Xcode 14.0";
			developmentRegion = en;
			hasScannedForEncodings = 0;
			knownRegions = (
				en,
				Base,
			);
			mainGroup = 27E70B5E29E5AB0C00B3E72C;
			packageReferences = (
				27C8231329E5D72E00A142EA /* XCRemoteSwiftPackageReference "Swift-Package-InAppMessaging" */,
			);
			productRefGroup = 27E70B6829E5AB0C00B3E72C /* Products */;
			projectDirPath = "";
			projectRoot = "";
			targets = (
				27E70B6629E5AB0C00B3E72C /* MessagingCoreExample */,
			);
		};
/* End PBXProject section */

/* Begin PBXResourcesBuildPhase section */
		27E70B6529E5AB0C00B3E72C /* Resources */ = {
			isa = PBXResourcesBuildPhase;
			buildActionMask = 2147483647;
			files = (
				8720C47529EE0E7A003481CD /* configFile.json in Resources */,
				27E70B6F29E5AB0F00B3E72C /* Assets.xcassets in Resources */,
			);
			runOnlyForDeploymentPostprocessing = 0;
		};
/* End PBXResourcesBuildPhase section */

/* Begin PBXSourcesBuildPhase section */
		27E70B6329E5AB0C00B3E72C /* Sources */ = {
			isa = PBXSourcesBuildPhase;
			buildActionMask = 2147483647;
			files = (
				279DF19729E6FAC100A50813 /* MessaingViewModel+UserVerifictionDelegate.swift in Sources */,
				279DF19B29E6FB3200A50813 /* MessagingViewModel+CoreDelegate.swift in Sources */,
				27E70B6D29E5AB0C00B3E72C /* ContentView.swift in Sources */,
				279DF19529E6FA7F00A50813 /* MessageViewModel+TemplatedUrlDelegate.swift in Sources */,
				27E70B6B29E5AB0C00B3E72C /* MessagingCoreExampleApp.swift in Sources */,
				279DF19929E6FAFF00A50813 /* MessagingViewModel+HiddenPreChatDelegate.swift in Sources */,
				27C8231C29E5DA9B00A142EA /* MessagingViewModel.swift in Sources */,
			);
			runOnlyForDeploymentPostprocessing = 0;
		};
/* End PBXSourcesBuildPhase section */

/* Begin XCBuildConfiguration section */
		27E70B7329E5AB0F00B3E72C /* Debug */ = {
			isa = XCBuildConfiguration;
			buildSettings = {
				ALWAYS_SEARCH_USER_PATHS = NO;
				CLANG_ANALYZER_NONNULL = YES;
				CLANG_ANALYZER_NUMBER_OBJECT_CONVERSION = YES_AGGRESSIVE;
				CLANG_CXX_LANGUAGE_STANDARD = "gnu++20";
				CLANG_ENABLE_MODULES = YES;
				CLANG_ENABLE_OBJC_ARC = YES;
				CLANG_ENABLE_OBJC_WEAK = YES;
				CLANG_WARN_BLOCK_CAPTURE_AUTORELEASING = YES;
				CLANG_WARN_BOOL_CONVERSION = YES;
				CLANG_WARN_COMMA = YES;
				CLANG_WARN_CONSTANT_CONVERSION = YES;
				CLANG_WARN_DEPRECATED_OBJC_IMPLEMENTATIONS = YES;
				CLANG_WARN_DIRECT_OBJC_ISA_USAGE = YES_ERROR;
				CLANG_WARN_DOCUMENTATION_COMMENTS = YES;
				CLANG_WARN_EMPTY_BODY = YES;
				CLANG_WARN_ENUM_CONVERSION = YES;
				CLANG_WARN_INFINITE_RECURSION = YES;
				CLANG_WARN_INT_CONVERSION = YES;
				CLANG_WARN_NON_LITERAL_NULL_CONVERSION = YES;
				CLANG_WARN_OBJC_IMPLICIT_RETAIN_SELF = YES;
				CLANG_WARN_OBJC_LITERAL_CONVERSION = YES;
				CLANG_WARN_OBJC_ROOT_CLASS = YES_ERROR;
				CLANG_WARN_QUOTED_INCLUDE_IN_FRAMEWORK_HEADER = YES;
				CLANG_WARN_RANGE_LOOP_ANALYSIS = YES;
				CLANG_WARN_STRICT_PROTOTYPES = YES;
				CLANG_WARN_SUSPICIOUS_MOVE = YES;
				CLANG_WARN_UNGUARDED_AVAILABILITY = YES_AGGRESSIVE;
				CLANG_WARN_UNREACHABLE_CODE = YES;
				CLANG_WARN__DUPLICATE_METHOD_MATCH = YES;
				COPY_PHASE_STRIP = NO;
				DEBUG_INFORMATION_FORMAT = dwarf;
				ENABLE_STRICT_OBJC_MSGSEND = YES;
				ENABLE_TESTABILITY = YES;
				GCC_C_LANGUAGE_STANDARD = gnu11;
				GCC_DYNAMIC_NO_PIC = NO;
				GCC_NO_COMMON_BLOCKS = YES;
				GCC_OPTIMIZATION_LEVEL = 0;
				GCC_PREPROCESSOR_DEFINITIONS = (
					"DEBUG=1",
					"$(inherited)",
				);
				GCC_WARN_64_TO_32_BIT_CONVERSION = YES;
				GCC_WARN_ABOUT_RETURN_TYPE = YES_ERROR;
				GCC_WARN_UNDECLARED_SELECTOR = YES;
				GCC_WARN_UNINITIALIZED_AUTOS = YES_AGGRESSIVE;
				GCC_WARN_UNUSED_FUNCTION = YES;
				GCC_WARN_UNUSED_VARIABLE = YES;
				IPHONEOS_DEPLOYMENT_TARGET = 16.4;
				MTL_ENABLE_DEBUG_INFO = INCLUDE_SOURCE;
				MTL_FAST_MATH = YES;
				ONLY_ACTIVE_ARCH = YES;
				SDKROOT = iphoneos;
				SWIFT_ACTIVE_COMPILATION_CONDITIONS = DEBUG;
				SWIFT_OPTIMIZATION_LEVEL = "-Onone";
			};
			name = Debug;
		};
		27E70B7429E5AB0F00B3E72C /* Release */ = {
			isa = XCBuildConfiguration;
			buildSettings = {
				ALWAYS_SEARCH_USER_PATHS = NO;
				CLANG_ANALYZER_NONNULL = YES;
				CLANG_ANALYZER_NUMBER_OBJECT_CONVERSION = YES_AGGRESSIVE;
				CLANG_CXX_LANGUAGE_STANDARD = "gnu++20";
				CLANG_ENABLE_MODULES = YES;
				CLANG_ENABLE_OBJC_ARC = YES;
				CLANG_ENABLE_OBJC_WEAK = YES;
				CLANG_WARN_BLOCK_CAPTURE_AUTORELEASING = YES;
				CLANG_WARN_BOOL_CONVERSION = YES;
				CLANG_WARN_COMMA = YES;
				CLANG_WARN_CONSTANT_CONVERSION = YES;
				CLANG_WARN_DEPRECATED_OBJC_IMPLEMENTATIONS = YES;
				CLANG_WARN_DIRECT_OBJC_ISA_USAGE = YES_ERROR;
				CLANG_WARN_DOCUMENTATION_COMMENTS = YES;
				CLANG_WARN_EMPTY_BODY = YES;
				CLANG_WARN_ENUM_CONVERSION = YES;
				CLANG_WARN_INFINITE_RECURSION = YES;
				CLANG_WARN_INT_CONVERSION = YES;
				CLANG_WARN_NON_LITERAL_NULL_CONVERSION = YES;
				CLANG_WARN_OBJC_IMPLICIT_RETAIN_SELF = YES;
				CLANG_WARN_OBJC_LITERAL_CONVERSION = YES;
				CLANG_WARN_OBJC_ROOT_CLASS = YES_ERROR;
				CLANG_WARN_QUOTED_INCLUDE_IN_FRAMEWORK_HEADER = YES;
				CLANG_WARN_RANGE_LOOP_ANALYSIS = YES;
				CLANG_WARN_STRICT_PROTOTYPES = YES;
				CLANG_WARN_SUSPICIOUS_MOVE = YES;
				CLANG_WARN_UNGUARDED_AVAILABILITY = YES_AGGRESSIVE;
				CLANG_WARN_UNREACHABLE_CODE = YES;
				CLANG_WARN__DUPLICATE_METHOD_MATCH = YES;
				COPY_PHASE_STRIP = NO;
				DEBUG_INFORMATION_FORMAT = "dwarf-with-dsym";
				ENABLE_NS_ASSERTIONS = NO;
				ENABLE_STRICT_OBJC_MSGSEND = YES;
				GCC_C_LANGUAGE_STANDARD = gnu11;
				GCC_NO_COMMON_BLOCKS = YES;
				GCC_WARN_64_TO_32_BIT_CONVERSION = YES;
				GCC_WARN_ABOUT_RETURN_TYPE = YES_ERROR;
				GCC_WARN_UNDECLARED_SELECTOR = YES;
				GCC_WARN_UNINITIALIZED_AUTOS = YES_AGGRESSIVE;
				GCC_WARN_UNUSED_FUNCTION = YES;
				GCC_WARN_UNUSED_VARIABLE = YES;
				IPHONEOS_DEPLOYMENT_TARGET = 16.4;
				MTL_ENABLE_DEBUG_INFO = NO;
				MTL_FAST_MATH = YES;
				SDKROOT = iphoneos;
				SWIFT_COMPILATION_MODE = wholemodule;
				SWIFT_OPTIMIZATION_LEVEL = "-O";
				VALIDATE_PRODUCT = YES;
			};
			name = Release;
		};
		27E70B7629E5AB0F00B3E72C /* Debug */ = {
			isa = XCBuildConfiguration;
			buildSettings = {
				ASSETCATALOG_COMPILER_APPICON_NAME = AppIcon;
				ASSETCATALOG_COMPILER_GLOBAL_ACCENT_COLOR_NAME = AccentColor;
				CODE_SIGN_STYLE = Automatic;
				CURRENT_PROJECT_VERSION = 1;
				DEVELOPMENT_ASSET_PATHS = "\"MessagingCoreExample/Preview Content\"";
				DEVELOPMENT_TEAM = XD7TD9S6ZU;
				ENABLE_PREVIEWS = YES;
				GENERATE_INFOPLIST_FILE = YES;
				INFOPLIST_KEY_UIApplicationSceneManifest_Generation = YES;
				INFOPLIST_KEY_UIApplicationSupportsIndirectInputEvents = YES;
				INFOPLIST_KEY_UILaunchScreen_Generation = YES;
				INFOPLIST_KEY_UISupportedInterfaceOrientations_iPad = "UIInterfaceOrientationPortrait UIInterfaceOrientationPortraitUpsideDown UIInterfaceOrientationLandscapeLeft UIInterfaceOrientationLandscapeRight";
				INFOPLIST_KEY_UISupportedInterfaceOrientations_iPhone = "UIInterfaceOrientationPortrait UIInterfaceOrientationLandscapeLeft UIInterfaceOrientationLandscapeRight";
				IPHONEOS_DEPLOYMENT_TARGET = 16.2;
				LD_RUNPATH_SEARCH_PATHS = (
					"$(inherited)",
					"@executable_path/Frameworks",
				);
				MARKETING_VERSION = 1.0;
				PRODUCT_BUNDLE_IDENTIFIER = Salesforce.MessagingCoreExample;
				PRODUCT_NAME = "$(TARGET_NAME)";
				SWIFT_EMIT_LOC_STRINGS = YES;
				SWIFT_VERSION = 5.0;
				TARGETED_DEVICE_FAMILY = "1,2";
			};
			name = Debug;
		};
		27E70B7729E5AB0F00B3E72C /* Release */ = {
			isa = XCBuildConfiguration;
			buildSettings = {
				ASSETCATALOG_COMPILER_APPICON_NAME = AppIcon;
				ASSETCATALOG_COMPILER_GLOBAL_ACCENT_COLOR_NAME = AccentColor;
				CODE_SIGN_STYLE = Automatic;
				CURRENT_PROJECT_VERSION = 1;
				DEVELOPMENT_ASSET_PATHS = "\"MessagingCoreExample/Preview Content\"";
				DEVELOPMENT_TEAM = XD7TD9S6ZU;
				ENABLE_PREVIEWS = YES;
				GENERATE_INFOPLIST_FILE = YES;
				INFOPLIST_KEY_UIApplicationSceneManifest_Generation = YES;
				INFOPLIST_KEY_UIApplicationSupportsIndirectInputEvents = YES;
				INFOPLIST_KEY_UILaunchScreen_Generation = YES;
				INFOPLIST_KEY_UISupportedInterfaceOrientations_iPad = "UIInterfaceOrientationPortrait UIInterfaceOrientationPortraitUpsideDown UIInterfaceOrientationLandscapeLeft UIInterfaceOrientationLandscapeRight";
				INFOPLIST_KEY_UISupportedInterfaceOrientations_iPhone = "UIInterfaceOrientationPortrait UIInterfaceOrientationLandscapeLeft UIInterfaceOrientationLandscapeRight";
				IPHONEOS_DEPLOYMENT_TARGET = 16.2;
				LD_RUNPATH_SEARCH_PATHS = (
					"$(inherited)",
					"@executable_path/Frameworks",
				);
				MARKETING_VERSION = 1.0;
				PRODUCT_BUNDLE_IDENTIFIER = Salesforce.MessagingCoreExample;
				PRODUCT_NAME = "$(TARGET_NAME)";
				SWIFT_EMIT_LOC_STRINGS = YES;
				SWIFT_VERSION = 5.0;
				TARGETED_DEVICE_FAMILY = "1,2";
			};
			name = Release;
		};
/* End XCBuildConfiguration section */

/* Begin XCConfigurationList section */
		27E70B6229E5AB0C00B3E72C /* Build configuration list for PBXProject "MessagingCoreExample" */ = {
			isa = XCConfigurationList;
			buildConfigurations = (
				27E70B7329E5AB0F00B3E72C /* Debug */,
				27E70B7429E5AB0F00B3E72C /* Release */,
			);
			defaultConfigurationIsVisible = 0;
			defaultConfigurationName = Release;
		};
		27E70B7529E5AB0F00B3E72C /* Build configuration list for PBXNativeTarget "MessagingCoreExample" */ = {
			isa = XCConfigurationList;
			buildConfigurations = (
				27E70B7629E5AB0F00B3E72C /* Debug */,
				27E70B7729E5AB0F00B3E72C /* Release */,
			);
			defaultConfigurationIsVisible = 0;
			defaultConfigurationName = Release;
		};
/* End XCConfigurationList section */

/* Begin XCRemoteSwiftPackageReference section */
		27C8231329E5D72E00A142EA /* XCRemoteSwiftPackageReference "Swift-Package-InAppMessaging" */ = {
			isa = XCRemoteSwiftPackageReference;
			repositoryURL = "https://github.com/Salesforce-Async-Messaging/Swift-Package-InAppMessaging";
			requirement = {
				kind = upToNextMajorVersion;
				minimumVersion = 1.0.0;
			};
		};
/* End XCRemoteSwiftPackageReference section */

/* Begin XCSwiftPackageProductDependency section */
		27C8231429E5D72E00A142EA /* Swift-InAppMessaging */ = {
			isa = XCSwiftPackageProductDependency;
			package = 27C8231329E5D72E00A142EA /* XCRemoteSwiftPackageReference "Swift-Package-InAppMessaging" */;
			productName = "Swift-InAppMessaging";
		};
/* End XCSwiftPackageProductDependency section */
	};
	rootObject = 27E70B5F29E5AB0C00B3E72C /* Project object */;
}
