// !$*UTF8*$!
{
	archiveVersion = 1;
	classes = {
	};
	objectVersion = 56;
	objects = {

/* Begin PBXBuildFile section */
		042B91D62E31634300B77BFA /* QueuePositionReplacement.swift in Sources */ = {isa = PBXBuildFile; fileRef = 042B91D52E31634300B77BFA /* QueuePositionReplacement.swift */; };
		0440A2442C18B2E400A1B6A3 /* Swift-InAppMessaging in Frameworks */ = {isa = PBXBuildFile; productRef = 0440A2432C18B2E400A1B6A3 /* Swift-InAppMessaging */; };
		04AD13602E6F23D7002FDBD6 /* FileTypeSettings.swift in Sources */ = {isa = PBXBuildFile; fileRef = 04AD135E2E6F23D7002FDBD6 /* FileTypeSettings.swift */; };
		04AD13622E6F2444002FDBD6 /* SettingNavigationLink.swift in Sources */ = {isa = PBXBuildFile; fileRef = 04AD13612E6F2444002FDBD6 /* SettingNavigationLink.swift */; };
		04AFF5692E46643300D6DCDA /* SessionStatusChangedReplacement.swift in Sources */ = {isa = PBXBuildFile; fileRef = 04AFF5682E46643300D6DCDA /* SessionStatusChangedReplacement.swift */; };
		04D0AA7A2D41670300BFA27F /* ProgressIndicatorReplacement.swift in Sources */ = {isa = PBXBuildFile; fileRef = 04D0AA792D4166FB00BFA27F /* ProgressIndicatorReplacement.swift */; };
		272550322E0B175000A3BC65 /* NavBarReplacementSettings.swift in Sources */ = {isa = PBXBuildFile; fileRef = 2725502C2E0B175000A3BC65 /* NavBarReplacementSettings.swift */; };
		273326792E0434350032EC75 /* TestNavBarBuilder.swift in Sources */ = {isa = PBXBuildFile; fileRef = 273326782E0434320032EC75 /* TestNavBarBuilder.swift */; };
		2733267B2E0436240032EC75 /* NavBarReplacementCategory.swift in Sources */ = {isa = PBXBuildFile; fileRef = 2733267A2E0436150032EC75 /* NavBarReplacementCategory.swift */; };
		274888972E048EB800B2EFAA /* ReplacementSettings.swift in Sources */ = {isa = PBXBuildFile; fileRef = 274888962E048EA900B2EFAA /* ReplacementSettings.swift */; };
		27B2C7312A30E75400DC6740 /* Assets.xcassets in Resources */ = {isa = PBXBuildFile; fileRef = 27B2C7302A30E75400DC6740 /* Assets.xcassets */; };
		27B2C7352A30E76200DC6740 /* MessagingUIExample--iOS--Info.plist in Resources */ = {isa = PBXBuildFile; fileRef = 27B2C7342A30E76200DC6740 /* MessagingUIExample--iOS--Info.plist */; };
		27B2C7372A30E76D00DC6740 /* README.md in Resources */ = {isa = PBXBuildFile; fileRef = 27B2C7362A30E76D00DC6740 /* README.md */; };
		27B2C73B2A30E77300DC6740 /* MessagingUIExampleApp.swift in Sources */ = {isa = PBXBuildFile; fileRef = 27B2C7392A30E77300DC6740 /* MessagingUIExampleApp.swift */; };
		27B2C73C2A30E77300DC6740 /* ContentView.swift in Sources */ = {isa = PBXBuildFile; fileRef = 27B2C73A2A30E77300DC6740 /* ContentView.swift */; };
		27B2C74A2A30E7DC00DC6740 /* Localizable.strings in Resources */ = {isa = PBXBuildFile; fileRef = 27B2C7492A30E7DC00DC6740 /* Localizable.strings */; };
		F2665FE52CB819820044B7BF /* ConnectionEnvironment+Example.swift in Sources */ = {isa = PBXBuildFile; fileRef = F2665FE42CB819820044B7BF /* ConnectionEnvironment+Example.swift */; };
		F2665FE72CB819D80044B7BF /* EnvironmentSettings.swift in Sources */ = {isa = PBXBuildFile; fileRef = F2665FE62CB819D80044B7BF /* EnvironmentSettings.swift */; };
		F2665FEA2CB81A2F0044B7BF /* DeveloperSettings.swift in Sources */ = {isa = PBXBuildFile; fileRef = F2665FE92CB81A2F0044B7BF /* DeveloperSettings.swift */; };
		F27FB5542CB4521000E243B4 /* GlobalCoreDelegateHandler+TemplatedURL.swift in Sources */ = {isa = PBXBuildFile; fileRef = F27FB54D2CB4521000E243B4 /* GlobalCoreDelegateHandler+TemplatedURL.swift */; };
		F27FB5552CB4521000E243B4 /* TestEntryViewBuilder.swift in Sources */ = {isa = PBXBuildFile; fileRef = F27FB5502CB4521000E243B4 /* TestEntryViewBuilder.swift */; };
		F27FB5562CB4521000E243B4 /* GlobalCoreDelegateHandler+HiddenPreChat.swift in Sources */ = {isa = PBXBuildFile; fileRef = F27FB54C2CB4521000E243B4 /* GlobalCoreDelegateHandler+HiddenPreChat.swift */; };
		F27FB5572CB4521000E243B4 /* GlobalCoreDelegateHandler+UserVerification.swift in Sources */ = {isa = PBXBuildFile; fileRef = F27FB54E2CB4521000E243B4 /* GlobalCoreDelegateHandler+UserVerification.swift */; };
		F27FB5582CB4521000E243B4 /* GlobalCoreDelegateHandler.swift in Sources */ = {isa = PBXBuildFile; fileRef = F27FB54A2CB4521000E243B4 /* GlobalCoreDelegateHandler.swift */; };
		F27FB55A2CB4521000E243B4 /* TestPrePopulatedPreChatProvider.swift in Sources */ = {isa = PBXBuildFile; fileRef = F27FB5512CB4521000E243B4 /* TestPrePopulatedPreChatProvider.swift */; };
		F27FB55C2CB45B2500E243B4 /* UIKitMIAW.swift in Sources */ = {isa = PBXBuildFile; fileRef = F27FB55B2CB45B2500E243B4 /* UIKitMIAW.swift */; };
		F299531F2D8887A3002A58B9 /* Toast.swift in Sources */ = {isa = PBXBuildFile; fileRef = F299531D2D8887A3002A58B9 /* Toast.swift */; };
		F29953212D8887BD002A58B9 /* ToastView.swift in Sources */ = {isa = PBXBuildFile; fileRef = F29953202D8887BD002A58B9 /* ToastView.swift */; };
		F29953232D888876002A58B9 /* ToastModifier.swift in Sources */ = {isa = PBXBuildFile; fileRef = F29953222D888876002A58B9 /* ToastModifier.swift */; };
		F2A95FE32E33C81500E5FD37 /* GlobalCoreDelegateHandler+ConversationClient.swift in Sources */ = {isa = PBXBuildFile; fileRef = F2A95FE22E33C81500E5FD37 /* GlobalCoreDelegateHandler+ConversationClient.swift */; };
		F2A9FE332D835E8A008163E9 /* Instructions.swift in Sources */ = {isa = PBXBuildFile; fileRef = F2A9FE322D835E8A008163E9 /* Instructions.swift */; };
		F2A9FE3E2D848AAE008163E9 /* DeveloperToggle.swift in Sources */ = {isa = PBXBuildFile; fileRef = F2A9FE3D2D848AA1008163E9 /* DeveloperToggle.swift */; };
		F2BFC17C2CAEDE1E000B97C0 /* PrePopulatedPreChatClosureConfiguration.swift in Sources */ = {isa = PBXBuildFile; fileRef = F2BFC1462CAEDE1D000B97C0 /* PrePopulatedPreChatClosureConfiguration.swift */; };
		F2BFC17D2CAEDE1E000B97C0 /* TemplateURLDelegateConfiguration.swift in Sources */ = {isa = PBXBuildFile; fileRef = F2BFC1472CAEDE1D000B97C0 /* TemplateURLDelegateConfiguration.swift */; };
		F2BFC17E2CAEDE1E000B97C0 /* HiddenPreChatDelegateConfiguration.swift in Sources */ = {isa = PBXBuildFile; fileRef = F2BFC1482CAEDE1D000B97C0 /* HiddenPreChatDelegateConfiguration.swift */; };
		F2BFC17F2CAEDE1E000B97C0 /* DelegateManagementSettings.swift in Sources */ = {isa = PBXBuildFile; fileRef = F2BFC1492CAEDE1D000B97C0 /* DelegateManagementSettings.swift */; };
		F2BFC1812CAEDE1E000B97C0 /* RemoteLocaleSettings.swift in Sources */ = {isa = PBXBuildFile; fileRef = F2BFC14D2CAEDE1D000B97C0 /* RemoteLocaleSettings.swift */; };
		F2BFC1822CAEDE1E000B97C0 /* DemoManagementSettings.swift in Sources */ = {isa = PBXBuildFile; fileRef = F2BFC14F2CAEDE1D000B97C0 /* DemoManagementSettings.swift */; };
		F2BFC1832CAEDE1E000B97C0 /* ConversationPicker.swift in Sources */ = {isa = PBXBuildFile; fileRef = F2BFC1512CAEDE1D000B97C0 /* ConversationPicker.swift */; };
		F2BFC1842CAEDE1E000B97C0 /* ConversationManagementSettings.swift in Sources */ = {isa = PBXBuildFile; fileRef = F2BFC1522CAEDE1D000B97C0 /* ConversationManagementSettings.swift */; };
		F2BFC1862CAEDE1E000B97C0 /* DatabaseManagementSettings.swift in Sources */ = {isa = PBXBuildFile; fileRef = F2BFC1562CAEDE1D000B97C0 /* DatabaseManagementSettings.swift */; };
		F2BFC1872CAEDE1E000B97C0 /* UIOverrideSettings.swift in Sources */ = {isa = PBXBuildFile; fileRef = F2BFC1582CAEDE1D000B97C0 /* UIOverrideSettings.swift */; };
		F2BFC1892CAEDE1E000B97C0 /* LoggingSettings.swift in Sources */ = {isa = PBXBuildFile; fileRef = F2BFC15C2CAEDE1D000B97C0 /* LoggingSettings.swift */; };
		F2BFC18A2CAEDE1E000B97C0 /* MIAWConfigurationSettings.swift in Sources */ = {isa = PBXBuildFile; fileRef = F2BFC15E2CAEDE1D000B97C0 /* MIAWConfigurationSettings.swift */; };
		F2BFC18B2CAEDE1E000B97C0 /* UserVerificationSettings.swift in Sources */ = {isa = PBXBuildFile; fileRef = F2BFC15F2CAEDE1D000B97C0 /* UserVerificationSettings.swift */; };
		F2BFC18C2CAEDE1E000B97C0 /* SettingsToggle.swift in Sources */ = {isa = PBXBuildFile; fileRef = F2BFC1612CAEDE1D000B97C0 /* SettingsToggle.swift */; };
		F2BFC18D2CAEDE1E000B97C0 /* SettingsKeyValueManager.swift in Sources */ = {isa = PBXBuildFile; fileRef = F2BFC1622CAEDE1D000B97C0 /* SettingsKeyValueManager.swift */; };
		F2BFC18E2CAEDE1E000B97C0 /* SettingsSlider.swift in Sources */ = {isa = PBXBuildFile; fileRef = F2BFC1632CAEDE1D000B97C0 /* SettingsSlider.swift */; };
		F2BFC18F2CAEDE1E000B97C0 /* SettingsSection.swift in Sources */ = {isa = PBXBuildFile; fileRef = F2BFC1642CAEDE1D000B97C0 /* SettingsSection.swift */; };
		F2BFC1902CAEDE1E000B97C0 /* SettingsButton.swift in Sources */ = {isa = PBXBuildFile; fileRef = F2BFC1652CAEDE1D000B97C0 /* SettingsButton.swift */; };
		F2BFC1912CAEDE1E000B97C0 /* SettingsPicker.swift in Sources */ = {isa = PBXBuildFile; fileRef = F2BFC1662CAEDE1D000B97C0 /* SettingsPicker.swift */; };
		F2BFC1922CAEDE1E000B97C0 /* SettingsTextField.swift in Sources */ = {isa = PBXBuildFile; fileRef = F2BFC1672CAEDE1D000B97C0 /* SettingsTextField.swift */; };
		F2BFC1942CAEDE1E000B97C0 /* ConnectionEnvironment.swift in Sources */ = {isa = PBXBuildFile; fileRef = F2BFC16A2CAEDE1D000B97C0 /* ConnectionEnvironment.swift */; };
		F2BFC1952CAEDE1E000B97C0 /* ConnectionConfigurationModel.swift in Sources */ = {isa = PBXBuildFile; fileRef = F2BFC16C2CAEDE1D000B97C0 /* ConnectionConfigurationModel.swift */; };
		F2BFC1962CAEDE1E000B97C0 /* BasicKeyValuePair.swift in Sources */ = {isa = PBXBuildFile; fileRef = F2BFC16D2CAEDE1D000B97C0 /* BasicKeyValuePair.swift */; };
		F2BFC1972CAEDE1E000B97C0 /* PrePopulatedPreChatKeyValuePair.swift in Sources */ = {isa = PBXBuildFile; fileRef = F2BFC16E2CAEDE1D000B97C0 /* PrePopulatedPreChatKeyValuePair.swift */; };
		F2BFC1982CAEDE1E000B97C0 /* UIReplacementModel.swift in Sources */ = {isa = PBXBuildFile; fileRef = F2BFC16F2CAEDE1D000B97C0 /* UIReplacementModel.swift */; };
		F2BFC1992CAEDE1E000B97C0 /* SettingsStore.swift in Sources */ = {isa = PBXBuildFile; fileRef = F2BFC1712CAEDE1D000B97C0 /* SettingsStore.swift */; };
		F2BFC19A2CAEDE1E000B97C0 /* Array+RawRepresentable.swift in Sources */ = {isa = PBXBuildFile; fileRef = F2BFC1732CAEDE1E000B97C0 /* Array+RawRepresentable.swift */; };
		F2BFC19B2CAEDE1E000B97C0 /* Dictionary+RawRepresentable.swift in Sources */ = {isa = PBXBuildFile; fileRef = F2BFC1742CAEDE1E000B97C0 /* Dictionary+RawRepresentable.swift */; };
		F2BFC19C2CAEDE1E000B97C0 /* LabelledText.swift in Sources */ = {isa = PBXBuildFile; fileRef = F2BFC1762CAEDE1E000B97C0 /* LabelledText.swift */; };
		F2BFC19D2CAEDE1E000B97C0 /* KeyValuePairRow.swift in Sources */ = {isa = PBXBuildFile; fileRef = F2BFC1772CAEDE1E000B97C0 /* KeyValuePairRow.swift */; };
		F2BFC19E2CAEDE1E000B97C0 /* SettingsForm.swift in Sources */ = {isa = PBXBuildFile; fileRef = F2BFC1782CAEDE1E000B97C0 /* SettingsForm.swift */; };
		F2BFC19F2CAEDE1E000B97C0 /* KeyValuePair.swift in Sources */ = {isa = PBXBuildFile; fileRef = F2BFC17A2CAEDE1E000B97C0 /* KeyValuePair.swift */; };
		F2BFC1A02CAEDE1E000B97C0 /* Settings.swift in Sources */ = {isa = PBXBuildFile; fileRef = F2BFC17B2CAEDE1E000B97C0 /* Settings.swift */; };
		F2BFC1A52CAEDE6C000B97C0 /* WrappedNavigationStack.swift in Sources */ = {isa = PBXBuildFile; fileRef = F2BFC1A22CAEDE6C000B97C0 /* WrappedNavigationStack.swift */; };
		F2BFC1A62CAEDE6C000B97C0 /* WrappedKeyboardDismiss.swift in Sources */ = {isa = PBXBuildFile; fileRef = F2BFC1A32CAEDE6C000B97C0 /* WrappedKeyboardDismiss.swift */; };
		F2BFC1A72CAEDE6C000B97C0 /* WrappedNavigationBarItems.swift in Sources */ = {isa = PBXBuildFile; fileRef = F2BFC1A42CAEDE6C000B97C0 /* WrappedNavigationBarItems.swift */; };
		F2DE42812E0480B600C07239 /* PassthroughVerificationSettings.swift in Sources */ = {isa = PBXBuildFile; fileRef = F2DE42802E0480B600C07239 /* PassthroughVerificationSettings.swift */; };
		F2DE42832E04814000C07239 /* AuthorizationMethod.swift in Sources */ = {isa = PBXBuildFile; fileRef = F2DE42822E04814000C07239 /* AuthorizationMethod.swift */; };
		F2DE42862E09915300C07239 /* MobileSync in Frameworks */ = {isa = PBXBuildFile; productRef = F2DE42852E09915300C07239 /* MobileSync */; };
		F2DE42882E09915300C07239 /* SalesforceAnalytics in Frameworks */ = {isa = PBXBuildFile; productRef = F2DE42872E09915300C07239 /* SalesforceAnalytics */; };
		F2DE428A2E09915300C07239 /* SalesforceSDKCommon in Frameworks */ = {isa = PBXBuildFile; productRef = F2DE42892E09915300C07239 /* SalesforceSDKCommon */; };
		F2DE428C2E09915300C07239 /* SalesforceSDKCore in Frameworks */ = {isa = PBXBuildFile; productRef = F2DE428B2E09915300C07239 /* SalesforceSDKCore */; };
		F2DE428E2E09915300C07239 /* SmartStore in Frameworks */ = {isa = PBXBuildFile; productRef = F2DE428D2E09915300C07239 /* SmartStore */; };
		F2F193DB2CB44B0A00B54AE8 /* UIReplacementSettings.swift in Sources */ = {isa = PBXBuildFile; fileRef = F2F193D92CB44B0A00B54AE8 /* UIReplacementSettings.swift */; };
		F2F193DD2CB44B6700B54AE8 /* UIReplacementCategory.swift in Sources */ = {isa = PBXBuildFile; fileRef = F2F193DC2CB44B6700B54AE8 /* UIReplacementCategory.swift */; };
		F2F193F42CB44BC900B54AE8 /* TypingIndicatorReplacement.swift in Sources */ = {isa = PBXBuildFile; fileRef = F2F193EC2CB44BC900B54AE8 /* TypingIndicatorReplacement.swift */; };
		F2F193F52CB44BC900B54AE8 /* FormResultReplacement.swift in Sources */ = {isa = PBXBuildFile; fileRef = F2F193E22CB44BC900B54AE8 /* FormResultReplacement.swift */; };
		F2F193F62CB44BC900B54AE8 /* TextMessageReplacement.swift in Sources */ = {isa = PBXBuildFile; fileRef = F2F193E72CB44BC900B54AE8 /* TextMessageReplacement.swift */; };
		F2F193F72CB44BC900B54AE8 /* TextReplacement.swift in Sources */ = {isa = PBXBuildFile; fileRef = F2F193F12CB44BC900B54AE8 /* TextReplacement.swift */; };
		F2F193F82CB44BC900B54AE8 /* EntryContainerReplacement.swift in Sources */ = {isa = PBXBuildFile; fileRef = F2F193EF2CB44BC900B54AE8 /* EntryContainerReplacement.swift */; };
		F2F193F92CB44BC900B54AE8 /* QuickReplyReplacement.swift in Sources */ = {isa = PBXBuildFile; fileRef = F2F193E52CB44BC900B54AE8 /* QuickReplyReplacement.swift */; };
		F2F193FA2CB44BC900B54AE8 /* PreChatReceiptReplacement.swift in Sources */ = {isa = PBXBuildFile; fileRef = F2F193EB2CB44BC900B54AE8 /* PreChatReceiptReplacement.swift */; };
		F2F193FB2CB44BC900B54AE8 /* Border.swift in Sources */ = {isa = PBXBuildFile; fileRef = F2F193EE2CB44BC900B54AE8 /* Border.swift */; };
		F2F193FC2CB44BC900B54AE8 /* ChoiceResponseReplacement.swift in Sources */ = {isa = PBXBuildFile; fileRef = F2F193E02CB44BC900B54AE8 /* ChoiceResponseReplacement.swift */; };
		F2F193FD2CB44BC900B54AE8 /* ParticipantChangedReplacement.swift in Sources */ = {isa = PBXBuildFile; fileRef = F2F193E42CB44BC900B54AE8 /* ParticipantChangedReplacement.swift */; };
		F2F193FE2CB44BC900B54AE8 /* AttachmentReplacement.swift in Sources */ = {isa = PBXBuildFile; fileRef = F2F193DE2CB44BC900B54AE8 /* AttachmentReplacement.swift */; };
		F2F193FF2CB44BC900B54AE8 /* FormInputsReplacement.swift in Sources */ = {isa = PBXBuildFile; fileRef = F2F193E12CB44BC900B54AE8 /* FormInputsReplacement.swift */; };
		F2F194002CB44BC900B54AE8 /* WebViewReplacement.swift in Sources */ = {isa = PBXBuildFile; fileRef = F2F193E82CB44BC900B54AE8 /* WebViewReplacement.swift */; };
		F2F194012CB44BC900B54AE8 /* CarouselReplacement.swift in Sources */ = {isa = PBXBuildFile; fileRef = F2F193DF2CB44BC900B54AE8 /* CarouselReplacement.swift */; };
		F2F194022CB44BC900B54AE8 /* ListPickerReplacement.swift in Sources */ = {isa = PBXBuildFile; fileRef = F2F193E32CB44BC900B54AE8 /* ListPickerReplacement.swift */; };
		F2F194032CB44BC900B54AE8 /* ImageReplacement.swift in Sources */ = {isa = PBXBuildFile; fileRef = F2F193F02CB44BC900B54AE8 /* ImageReplacement.swift */; };
		F2F194042CB44BC900B54AE8 /* DateBreakReplacement.swift in Sources */ = {isa = PBXBuildFile; fileRef = F2F193EA2CB44BC900B54AE8 /* DateBreakReplacement.swift */; };
		F2F194052CB44BC900B54AE8 /* RichLinkReplacement.swift in Sources */ = {isa = PBXBuildFile; fileRef = F2F193E62CB44BC900B54AE8 /* RichLinkReplacement.swift */; };
		F2F194062CB44BC900B54AE8 /* ConversationClosedReplacement.swift in Sources */ = {isa = PBXBuildFile; fileRef = F2F193F32CB44BC900B54AE9 /* ConversationClosedReplacement.swift */; };
/* End PBXBuildFile section */

/* Begin PBXFileReference section */
		042B91D52E31634300B77BFA /* QueuePositionReplacement.swift */ = {isa = PBXFileReference; lastKnownFileType = sourcecode.swift; path = QueuePositionReplacement.swift; sourceTree = "<group>"; };
		04AD135E2E6F23D7002FDBD6 /* FileTypeSettings.swift */ = {isa = PBXFileReference; lastKnownFileType = sourcecode.swift; path = FileTypeSettings.swift; sourceTree = "<group>"; };
		04AD13612E6F2444002FDBD6 /* SettingNavigationLink.swift */ = {isa = PBXFileReference; lastKnownFileType = sourcecode.swift; path = SettingNavigationLink.swift; sourceTree = "<group>"; };
		04AFF5682E46643300D6DCDA /* SessionStatusChangedReplacement.swift */ = {isa = PBXFileReference; lastKnownFileType = sourcecode.swift; path = SessionStatusChangedReplacement.swift; sourceTree = "<group>"; };
		04D0AA792D4166FB00BFA27F /* ProgressIndicatorReplacement.swift */ = {isa = PBXFileReference; lastKnownFileType = sourcecode.swift; path = ProgressIndicatorReplacement.swift; sourceTree = "<group>"; };
		2725502C2E0B175000A3BC65 /* NavBarReplacementSettings.swift */ = {isa = PBXFileReference; lastKnownFileType = sourcecode.swift; path = NavBarReplacementSettings.swift; sourceTree = "<group>"; };
		273326782E0434320032EC75 /* TestNavBarBuilder.swift */ = {isa = PBXFileReference; lastKnownFileType = sourcecode.swift; path = TestNavBarBuilder.swift; sourceTree = "<group>"; };
		2733267A2E0436150032EC75 /* NavBarReplacementCategory.swift */ = {isa = PBXFileReference; lastKnownFileType = sourcecode.swift; path = NavBarReplacementCategory.swift; sourceTree = "<group>"; };
		274888962E048EA900B2EFAA /* ReplacementSettings.swift */ = {isa = PBXFileReference; lastKnownFileType = sourcecode.swift; path = ReplacementSettings.swift; sourceTree = "<group>"; };
		27B2C6D02A30E3AD00DC6740 /* MessagingUIExample.app */ = {isa = PBXFileReference; explicitFileType = wrapper.application; includeInIndex = 0; path = MessagingUIExample.app; sourceTree = BUILT_PRODUCTS_DIR; };
		27B2C7302A30E75400DC6740 /* Assets.xcassets */ = {isa = PBXFileReference; lastKnownFileType = folder.assetcatalog; path = Assets.xcassets; sourceTree = "<group>"; };
		27B2C7342A30E76200DC6740 /* MessagingUIExample--iOS--Info.plist */ = {isa = PBXFileReference; fileEncoding = 4; lastKnownFileType = text.plist.xml; path = "MessagingUIExample--iOS--Info.plist"; sourceTree = "<group>"; };
		27B2C7362A30E76D00DC6740 /* README.md */ = {isa = PBXFileReference; fileEncoding = 4; lastKnownFileType = net.daringfireball.markdown; path = README.md; sourceTree = "<group>"; };
		27B2C7392A30E77300DC6740 /* MessagingUIExampleApp.swift */ = {isa = PBXFileReference; fileEncoding = 4; lastKnownFileType = sourcecode.swift; path = MessagingUIExampleApp.swift; sourceTree = "<group>"; };
		27B2C73A2A30E77300DC6740 /* ContentView.swift */ = {isa = PBXFileReference; fileEncoding = 4; lastKnownFileType = sourcecode.swift; path = ContentView.swift; sourceTree = "<group>"; };
		27B2C7492A30E7DC00DC6740 /* Localizable.strings */ = {isa = PBXFileReference; fileEncoding = 4; lastKnownFileType = text.plist.strings; path = Localizable.strings; sourceTree = "<group>"; };
		F2665FE42CB819820044B7BF /* ConnectionEnvironment+Example.swift */ = {isa = PBXFileReference; lastKnownFileType = sourcecode.swift; path = "ConnectionEnvironment+Example.swift"; sourceTree = "<group>"; };
		F2665FE62CB819D80044B7BF /* EnvironmentSettings.swift */ = {isa = PBXFileReference; fileEncoding = 4; lastKnownFileType = sourcecode.swift; path = EnvironmentSettings.swift; sourceTree = "<group>"; };
		F2665FE92CB81A2F0044B7BF /* DeveloperSettings.swift */ = {isa = PBXFileReference; fileEncoding = 4; lastKnownFileType = sourcecode.swift; path = DeveloperSettings.swift; sourceTree = "<group>"; };
		F27FB54A2CB4521000E243B4 /* GlobalCoreDelegateHandler.swift */ = {isa = PBXFileReference; lastKnownFileType = sourcecode.swift; path = GlobalCoreDelegateHandler.swift; sourceTree = "<group>"; };
		F27FB54C2CB4521000E243B4 /* GlobalCoreDelegateHandler+HiddenPreChat.swift */ = {isa = PBXFileReference; lastKnownFileType = sourcecode.swift; path = "GlobalCoreDelegateHandler+HiddenPreChat.swift"; sourceTree = "<group>"; };
		F27FB54D2CB4521000E243B4 /* GlobalCoreDelegateHandler+TemplatedURL.swift */ = {isa = PBXFileReference; lastKnownFileType = sourcecode.swift; path = "GlobalCoreDelegateHandler+TemplatedURL.swift"; sourceTree = "<group>"; };
		F27FB54E2CB4521000E243B4 /* GlobalCoreDelegateHandler+UserVerification.swift */ = {isa = PBXFileReference; lastKnownFileType = sourcecode.swift; path = "GlobalCoreDelegateHandler+UserVerification.swift"; sourceTree = "<group>"; };
		F27FB5502CB4521000E243B4 /* TestEntryViewBuilder.swift */ = {isa = PBXFileReference; lastKnownFileType = sourcecode.swift; path = TestEntryViewBuilder.swift; sourceTree = "<group>"; };
		F27FB5512CB4521000E243B4 /* TestPrePopulatedPreChatProvider.swift */ = {isa = PBXFileReference; lastKnownFileType = sourcecode.swift; path = TestPrePopulatedPreChatProvider.swift; sourceTree = "<group>"; };
		F27FB55B2CB45B2500E243B4 /* UIKitMIAW.swift */ = {isa = PBXFileReference; lastKnownFileType = sourcecode.swift; path = UIKitMIAW.swift; sourceTree = "<group>"; };
		F299531D2D8887A3002A58B9 /* Toast.swift */ = {isa = PBXFileReference; lastKnownFileType = sourcecode.swift; path = Toast.swift; sourceTree = "<group>"; };
		F29953202D8887BD002A58B9 /* ToastView.swift */ = {isa = PBXFileReference; lastKnownFileType = sourcecode.swift; path = ToastView.swift; sourceTree = "<group>"; };
		F29953222D888876002A58B9 /* ToastModifier.swift */ = {isa = PBXFileReference; lastKnownFileType = sourcecode.swift; path = ToastModifier.swift; sourceTree = "<group>"; };
		F2A95FE22E33C81500E5FD37 /* GlobalCoreDelegateHandler+ConversationClient.swift */ = {isa = PBXFileReference; lastKnownFileType = sourcecode.swift; path = "GlobalCoreDelegateHandler+ConversationClient.swift"; sourceTree = "<group>"; };
		F2A9FE322D835E8A008163E9 /* Instructions.swift */ = {isa = PBXFileReference; lastKnownFileType = sourcecode.swift; path = Instructions.swift; sourceTree = "<group>"; };
		F2A9FE3D2D848AA1008163E9 /* DeveloperToggle.swift */ = {isa = PBXFileReference; lastKnownFileType = sourcecode.swift; path = DeveloperToggle.swift; sourceTree = "<group>"; };
		F2BFC1462CAEDE1D000B97C0 /* PrePopulatedPreChatClosureConfiguration.swift */ = {isa = PBXFileReference; fileEncoding = 4; lastKnownFileType = sourcecode.swift; path = PrePopulatedPreChatClosureConfiguration.swift; sourceTree = "<group>"; };
		F2BFC1472CAEDE1D000B97C0 /* TemplateURLDelegateConfiguration.swift */ = {isa = PBXFileReference; fileEncoding = 4; lastKnownFileType = sourcecode.swift; path = TemplateURLDelegateConfiguration.swift; sourceTree = "<group>"; };
		F2BFC1482CAEDE1D000B97C0 /* HiddenPreChatDelegateConfiguration.swift */ = {isa = PBXFileReference; fileEncoding = 4; lastKnownFileType = sourcecode.swift; path = HiddenPreChatDelegateConfiguration.swift; sourceTree = "<group>"; };
		F2BFC1492CAEDE1D000B97C0 /* DelegateManagementSettings.swift */ = {isa = PBXFileReference; fileEncoding = 4; lastKnownFileType = sourcecode.swift; path = DelegateManagementSettings.swift; sourceTree = "<group>"; };
		F2BFC14B2CAEDE1D000B97C0 /* DeveloperSettings.swift */ = {isa = PBXFileReference; fileEncoding = 4; lastKnownFileType = sourcecode.swift; path = DeveloperSettings.swift; sourceTree = "<group>"; };
		F2BFC14D2CAEDE1D000B97C0 /* RemoteLocaleSettings.swift */ = {isa = PBXFileReference; fileEncoding = 4; lastKnownFileType = sourcecode.swift; path = RemoteLocaleSettings.swift; sourceTree = "<group>"; };
		F2BFC14F2CAEDE1D000B97C0 /* DemoManagementSettings.swift */ = {isa = PBXFileReference; fileEncoding = 4; lastKnownFileType = sourcecode.swift; path = DemoManagementSettings.swift; sourceTree = "<group>"; };
		F2BFC1512CAEDE1D000B97C0 /* ConversationPicker.swift */ = {isa = PBXFileReference; fileEncoding = 4; lastKnownFileType = sourcecode.swift; path = ConversationPicker.swift; sourceTree = "<group>"; };
		F2BFC1522CAEDE1D000B97C0 /* ConversationManagementSettings.swift */ = {isa = PBXFileReference; fileEncoding = 4; lastKnownFileType = sourcecode.swift; path = ConversationManagementSettings.swift; sourceTree = "<group>"; };
		F2BFC1562CAEDE1D000B97C0 /* DatabaseManagementSettings.swift */ = {isa = PBXFileReference; fileEncoding = 4; lastKnownFileType = sourcecode.swift; path = DatabaseManagementSettings.swift; sourceTree = "<group>"; };
		F2BFC1582CAEDE1D000B97C0 /* UIOverrideSettings.swift */ = {isa = PBXFileReference; fileEncoding = 4; lastKnownFileType = sourcecode.swift; path = UIOverrideSettings.swift; sourceTree = "<group>"; };
		F2BFC15C2CAEDE1D000B97C0 /* LoggingSettings.swift */ = {isa = PBXFileReference; fileEncoding = 4; lastKnownFileType = sourcecode.swift; path = LoggingSettings.swift; sourceTree = "<group>"; };
		F2BFC15E2CAEDE1D000B97C0 /* MIAWConfigurationSettings.swift */ = {isa = PBXFileReference; fileEncoding = 4; lastKnownFileType = sourcecode.swift; path = MIAWConfigurationSettings.swift; sourceTree = "<group>"; };
		F2BFC15F2CAEDE1D000B97C0 /* UserVerificationSettings.swift */ = {isa = PBXFileReference; fileEncoding = 4; lastKnownFileType = sourcecode.swift; path = UserVerificationSettings.swift; sourceTree = "<group>"; };
		F2BFC1612CAEDE1D000B97C0 /* SettingsToggle.swift */ = {isa = PBXFileReference; fileEncoding = 4; lastKnownFileType = sourcecode.swift; path = SettingsToggle.swift; sourceTree = "<group>"; };
		F2BFC1622CAEDE1D000B97C0 /* SettingsKeyValueManager.swift */ = {isa = PBXFileReference; fileEncoding = 4; lastKnownFileType = sourcecode.swift; path = SettingsKeyValueManager.swift; sourceTree = "<group>"; };
		F2BFC1632CAEDE1D000B97C0 /* SettingsSlider.swift */ = {isa = PBXFileReference; fileEncoding = 4; lastKnownFileType = sourcecode.swift; path = SettingsSlider.swift; sourceTree = "<group>"; };
		F2BFC1642CAEDE1D000B97C0 /* SettingsSection.swift */ = {isa = PBXFileReference; fileEncoding = 4; lastKnownFileType = sourcecode.swift; path = SettingsSection.swift; sourceTree = "<group>"; };
		F2BFC1652CAEDE1D000B97C0 /* SettingsButton.swift */ = {isa = PBXFileReference; fileEncoding = 4; lastKnownFileType = sourcecode.swift; path = SettingsButton.swift; sourceTree = "<group>"; };
		F2BFC1662CAEDE1D000B97C0 /* SettingsPicker.swift */ = {isa = PBXFileReference; fileEncoding = 4; lastKnownFileType = sourcecode.swift; path = SettingsPicker.swift; sourceTree = "<group>"; };
		F2BFC1672CAEDE1D000B97C0 /* SettingsTextField.swift */ = {isa = PBXFileReference; fileEncoding = 4; lastKnownFileType = sourcecode.swift; path = SettingsTextField.swift; sourceTree = "<group>"; };
		F2BFC16A2CAEDE1D000B97C0 /* ConnectionEnvironment.swift */ = {isa = PBXFileReference; fileEncoding = 4; lastKnownFileType = sourcecode.swift; path = ConnectionEnvironment.swift; sourceTree = "<group>"; };
		F2BFC16C2CAEDE1D000B97C0 /* ConnectionConfigurationModel.swift */ = {isa = PBXFileReference; fileEncoding = 4; lastKnownFileType = sourcecode.swift; path = ConnectionConfigurationModel.swift; sourceTree = "<group>"; };
		F2BFC16D2CAEDE1D000B97C0 /* BasicKeyValuePair.swift */ = {isa = PBXFileReference; fileEncoding = 4; lastKnownFileType = sourcecode.swift; path = BasicKeyValuePair.swift; sourceTree = "<group>"; };
		F2BFC16E2CAEDE1D000B97C0 /* PrePopulatedPreChatKeyValuePair.swift */ = {isa = PBXFileReference; fileEncoding = 4; lastKnownFileType = sourcecode.swift; path = PrePopulatedPreChatKeyValuePair.swift; sourceTree = "<group>"; };
		F2BFC16F2CAEDE1D000B97C0 /* UIReplacementModel.swift */ = {isa = PBXFileReference; fileEncoding = 4; lastKnownFileType = sourcecode.swift; path = UIReplacementModel.swift; sourceTree = "<group>"; };
		F2BFC1712CAEDE1D000B97C0 /* SettingsStore.swift */ = {isa = PBXFileReference; fileEncoding = 4; lastKnownFileType = sourcecode.swift; path = SettingsStore.swift; sourceTree = "<group>"; };
		F2BFC1732CAEDE1E000B97C0 /* Array+RawRepresentable.swift */ = {isa = PBXFileReference; fileEncoding = 4; lastKnownFileType = sourcecode.swift; path = "Array+RawRepresentable.swift"; sourceTree = "<group>"; };
		F2BFC1742CAEDE1E000B97C0 /* Dictionary+RawRepresentable.swift */ = {isa = PBXFileReference; fileEncoding = 4; lastKnownFileType = sourcecode.swift; path = "Dictionary+RawRepresentable.swift"; sourceTree = "<group>"; };
		F2BFC1762CAEDE1E000B97C0 /* LabelledText.swift */ = {isa = PBXFileReference; fileEncoding = 4; lastKnownFileType = sourcecode.swift; path = LabelledText.swift; sourceTree = "<group>"; };
		F2BFC1772CAEDE1E000B97C0 /* KeyValuePairRow.swift */ = {isa = PBXFileReference; fileEncoding = 4; lastKnownFileType = sourcecode.swift; path = KeyValuePairRow.swift; sourceTree = "<group>"; };
		F2BFC1782CAEDE1E000B97C0 /* SettingsForm.swift */ = {isa = PBXFileReference; fileEncoding = 4; lastKnownFileType = sourcecode.swift; path = SettingsForm.swift; sourceTree = "<group>"; };
		F2BFC17A2CAEDE1E000B97C0 /* KeyValuePair.swift */ = {isa = PBXFileReference; fileEncoding = 4; lastKnownFileType = sourcecode.swift; path = KeyValuePair.swift; sourceTree = "<group>"; };
		F2BFC17B2CAEDE1E000B97C0 /* Settings.swift */ = {isa = PBXFileReference; fileEncoding = 4; lastKnownFileType = sourcecode.swift; path = Settings.swift; sourceTree = "<group>"; };
		F2BFC1A22CAEDE6C000B97C0 /* WrappedNavigationStack.swift */ = {isa = PBXFileReference; fileEncoding = 4; lastKnownFileType = sourcecode.swift; path = WrappedNavigationStack.swift; sourceTree = "<group>"; };
		F2BFC1A32CAEDE6C000B97C0 /* WrappedKeyboardDismiss.swift */ = {isa = PBXFileReference; fileEncoding = 4; lastKnownFileType = sourcecode.swift; path = WrappedKeyboardDismiss.swift; sourceTree = "<group>"; };
		F2BFC1A42CAEDE6C000B97C0 /* WrappedNavigationBarItems.swift */ = {isa = PBXFileReference; fileEncoding = 4; lastKnownFileType = sourcecode.swift; path = WrappedNavigationBarItems.swift; sourceTree = "<group>"; };
		F2DE42802E0480B600C07239 /* PassthroughVerificationSettings.swift */ = {isa = PBXFileReference; lastKnownFileType = sourcecode.swift; path = PassthroughVerificationSettings.swift; sourceTree = "<group>"; };
		F2DE42822E04814000C07239 /* AuthorizationMethod.swift */ = {isa = PBXFileReference; lastKnownFileType = sourcecode.swift; path = AuthorizationMethod.swift; sourceTree = "<group>"; };
		F2F193D92CB44B0A00B54AE8 /* UIReplacementSettings.swift */ = {isa = PBXFileReference; lastKnownFileType = sourcecode.swift; path = UIReplacementSettings.swift; sourceTree = "<group>"; };
		F2F193DC2CB44B6700B54AE8 /* UIReplacementCategory.swift */ = {isa = PBXFileReference; lastKnownFileType = sourcecode.swift; path = UIReplacementCategory.swift; sourceTree = "<group>"; };
		F2F193DE2CB44BC900B54AE8 /* AttachmentReplacement.swift */ = {isa = PBXFileReference; lastKnownFileType = sourcecode.swift; path = AttachmentReplacement.swift; sourceTree = "<group>"; };
		F2F193DF2CB44BC900B54AE8 /* CarouselReplacement.swift */ = {isa = PBXFileReference; lastKnownFileType = sourcecode.swift; path = CarouselReplacement.swift; sourceTree = "<group>"; };
		F2F193E02CB44BC900B54AE8 /* ChoiceResponseReplacement.swift */ = {isa = PBXFileReference; lastKnownFileType = sourcecode.swift; path = ChoiceResponseReplacement.swift; sourceTree = "<group>"; };
		F2F193E12CB44BC900B54AE8 /* FormInputsReplacement.swift */ = {isa = PBXFileReference; lastKnownFileType = sourcecode.swift; path = FormInputsReplacement.swift; sourceTree = "<group>"; };
		F2F193E22CB44BC900B54AE8 /* FormResultReplacement.swift */ = {isa = PBXFileReference; lastKnownFileType = sourcecode.swift; path = FormResultReplacement.swift; sourceTree = "<group>"; };
		F2F193E32CB44BC900B54AE8 /* ListPickerReplacement.swift */ = {isa = PBXFileReference; lastKnownFileType = sourcecode.swift; path = ListPickerReplacement.swift; sourceTree = "<group>"; };
		F2F193E42CB44BC900B54AE8 /* ParticipantChangedReplacement.swift */ = {isa = PBXFileReference; lastKnownFileType = sourcecode.swift; path = ParticipantChangedReplacement.swift; sourceTree = "<group>"; };
		F2F193E52CB44BC900B54AE8 /* QuickReplyReplacement.swift */ = {isa = PBXFileReference; lastKnownFileType = sourcecode.swift; path = QuickReplyReplacement.swift; sourceTree = "<group>"; };
		F2F193E62CB44BC900B54AE8 /* RichLinkReplacement.swift */ = {isa = PBXFileReference; lastKnownFileType = sourcecode.swift; path = RichLinkReplacement.swift; sourceTree = "<group>"; };
		F2F193E72CB44BC900B54AE8 /* TextMessageReplacement.swift */ = {isa = PBXFileReference; lastKnownFileType = sourcecode.swift; path = TextMessageReplacement.swift; sourceTree = "<group>"; };
		F2F193E82CB44BC900B54AE8 /* WebViewReplacement.swift */ = {isa = PBXFileReference; lastKnownFileType = sourcecode.swift; path = WebViewReplacement.swift; sourceTree = "<group>"; };
		F2F193EA2CB44BC900B54AE8 /* DateBreakReplacement.swift */ = {isa = PBXFileReference; lastKnownFileType = sourcecode.swift; path = DateBreakReplacement.swift; sourceTree = "<group>"; };
		F2F193EB2CB44BC900B54AE8 /* PreChatReceiptReplacement.swift */ = {isa = PBXFileReference; lastKnownFileType = sourcecode.swift; path = PreChatReceiptReplacement.swift; sourceTree = "<group>"; };
		F2F193EC2CB44BC900B54AE8 /* TypingIndicatorReplacement.swift */ = {isa = PBXFileReference; lastKnownFileType = sourcecode.swift; path = TypingIndicatorReplacement.swift; sourceTree = "<group>"; };
		F2F193EE2CB44BC900B54AE8 /* Border.swift */ = {isa = PBXFileReference; lastKnownFileType = sourcecode.swift; path = Border.swift; sourceTree = "<group>"; };
		F2F193EF2CB44BC900B54AE8 /* EntryContainerReplacement.swift */ = {isa = PBXFileReference; lastKnownFileType = sourcecode.swift; path = EntryContainerReplacement.swift; sourceTree = "<group>"; };
		F2F193F02CB44BC900B54AE8 /* ImageReplacement.swift */ = {isa = PBXFileReference; lastKnownFileType = sourcecode.swift; path = ImageReplacement.swift; sourceTree = "<group>"; };
		F2F193F12CB44BC900B54AE8 /* TextReplacement.swift */ = {isa = PBXFileReference; lastKnownFileType = sourcecode.swift; path = TextReplacement.swift; sourceTree = "<group>"; };
		F2F193F32CB44BC900B54AE9 /* ConversationClosedReplacement.swift */ = {isa = PBXFileReference; lastKnownFileType = sourcecode.swift; path = ConversationClosedReplacement.swift; sourceTree = "<group>"; };
/* End PBXFileReference section */

/* Begin PBXFrameworksBuildPhase section */
		27B2C6CD2A30E3AD00DC6740 /* Frameworks */ = {
			isa = PBXFrameworksBuildPhase;
			buildActionMask = 2147483647;
			files = (
				F2DE428E2E09915300C07239 /* SmartStore in Frameworks */,
				F2DE428C2E09915300C07239 /* SalesforceSDKCore in Frameworks */,
				F2DE42882E09915300C07239 /* SalesforceAnalytics in Frameworks */,
				F2DE428A2E09915300C07239 /* SalesforceSDKCommon in Frameworks */,
				0440A2442C18B2E400A1B6A3 /* Swift-InAppMessaging in Frameworks */,
				F2DE42862E09915300C07239 /* MobileSync in Frameworks */,
			);
			runOnlyForDeploymentPostprocessing = 0;
		};
/* End PBXFrameworksBuildPhase section */

/* Begin PBXGroup section */
		04AD135F2E6F23D7002FDBD6 /* FileTypeManagement */ = {
			isa = PBXGroup;
			children = (
				04AD135E2E6F23D7002FDBD6 /* FileTypeSettings.swift */,
			);
			path = FileTypeManagement;
			sourceTree = "<group>";
		};
		2725502F2E0B175000A3BC65 /* NavBarReplacement */ = {
			isa = PBXGroup;
			children = (
				2725502C2E0B175000A3BC65 /* NavBarReplacementSettings.swift */,
			);
			path = NavBarReplacement;
			sourceTree = "<group>";
		};
		27B2C6C72A30E3AD00DC6740 = {
			isa = PBXGroup;
			children = (
				F2BFC1422CAEDE1D000B97C0 /* Shared */,
				27B2C7382A30E77300DC6740 /* Views */,
				27B2C7342A30E76200DC6740 /* MessagingUIExample--iOS--Info.plist */,
				27B2C7302A30E75400DC6740 /* Assets.xcassets */,
				27B2C7492A30E7DC00DC6740 /* Localizable.strings */,
				27B2C7362A30E76D00DC6740 /* README.md */,
				27B2C7392A30E77300DC6740 /* MessagingUIExampleApp.swift */,
				27B2C6D12A30E3AD00DC6740 /* Products */,
			);
			sourceTree = "<group>";
		};
		27B2C6D12A30E3AD00DC6740 /* Products */ = {
			isa = PBXGroup;
			children = (
				27B2C6D02A30E3AD00DC6740 /* MessagingUIExample.app */,
			);
			name = Products;
			sourceTree = "<group>";
		};
		27B2C7382A30E77300DC6740 /* Views */ = {
			isa = PBXGroup;
			children = (
				F2BFC1782CAEDE1E000B97C0 /* SettingsForm.swift */,
				27B2C73A2A30E77300DC6740 /* ContentView.swift */,
				F27FB55B2CB45B2500E243B4 /* UIKitMIAW.swift */,
				F2665FE42CB819820044B7BF /* ConnectionEnvironment+Example.swift */,
			);
			path = Views;
			sourceTree = "<group>";
		};
		F2665FE82CB81A2F0044B7BF /* DebugManagement */ = {
			isa = PBXGroup;
			children = (
				F2665FE92CB81A2F0044B7BF /* DeveloperSettings.swift */,
			);
			path = DebugManagement;
			sourceTree = "<group>";
		};
		F27FB54F2CB4521000E243B4 /* CoreDelegate */ = {
			isa = PBXGroup;
			children = (
				F27FB54A2CB4521000E243B4 /* GlobalCoreDelegateHandler.swift */,
				F2A95FE22E33C81500E5FD37 /* GlobalCoreDelegateHandler+ConversationClient.swift */,
				F27FB54C2CB4521000E243B4 /* GlobalCoreDelegateHandler+HiddenPreChat.swift */,
				F27FB54D2CB4521000E243B4 /* GlobalCoreDelegateHandler+TemplatedURL.swift */,
				F27FB54E2CB4521000E243B4 /* GlobalCoreDelegateHandler+UserVerification.swift */,
			);
			path = CoreDelegate;
			sourceTree = "<group>";
		};
		F27FB5522CB4521000E243B4 /* Providers */ = {
			isa = PBXGroup;
			children = (
				273326782E0434320032EC75 /* TestNavBarBuilder.swift */,
				F27FB5502CB4521000E243B4 /* TestEntryViewBuilder.swift */,
				F27FB5512CB4521000E243B4 /* TestPrePopulatedPreChatProvider.swift */,
			);
			path = Providers;
			sourceTree = "<group>";
		};
		F27FB5532CB4521000E243B4 /* Delegates */ = {
			isa = PBXGroup;
			children = (
				F27FB54F2CB4521000E243B4 /* CoreDelegate */,
				F27FB5522CB4521000E243B4 /* Providers */,
			);
			path = Delegates;
			sourceTree = "<group>";
		};
		F299531E2D8887A3002A58B9 /* Toast */ = {
			isa = PBXGroup;
			children = (
				F29953222D888876002A58B9 /* ToastModifier.swift */,
				F29953202D8887BD002A58B9 /* ToastView.swift */,
				F299531D2D8887A3002A58B9 /* Toast.swift */,
			);
			path = Toast;
			sourceTree = "<group>";
		};
		F2BFC1422CAEDE1D000B97C0 /* Shared */ = {
			isa = PBXGroup;
			children = (
				F27FB5532CB4521000E243B4 /* Delegates */,
				F2F193F32CB44BC900B54AE8 /* ReplacementUI */,
				F2BFC1A82CAEE33B000B97C0 /* Enums */,
				F2BFC1A12CAEDE6C000B97C0 /* VersionWrapping */,
				F2BFC1432CAEDE1D000B97C0 /* Settings */,
			);
			name = Shared;
			path = ../Shared;
			sourceTree = "<group>";
		};
		F2BFC1432CAEDE1D000B97C0 /* Settings */ = {
			isa = PBXGroup;
			children = (
				F299531E2D8887A3002A58B9 /* Toast */,
				F2BFC1442CAEDE1D000B97C0 /* Sections */,
				F2BFC1602CAEDE1D000B97C0 /* FormInput */,
				F2BFC16B2CAEDE1D000B97C0 /* Models */,
				F2BFC1702CAEDE1D000B97C0 /* Storage */,
				F2BFC1722CAEDE1E000B97C0 /* Extensions */,
				F2BFC1752CAEDE1E000B97C0 /* Common */,
				F2BFC1792CAEDE1E000B97C0 /* Protocols */,
			);
			path = Settings;
			sourceTree = "<group>";
		};
		F2BFC1442CAEDE1D000B97C0 /* Sections */ = {
			isa = PBXGroup;
			children = (
				04AD135F2E6F23D7002FDBD6 /* FileTypeManagement */,
				F2665FE82CB81A2F0044B7BF /* DebugManagement */,
				F2BFC1452CAEDE1D000B97C0 /* ClientDelegates */,
				F2BFC1502CAEDE1D000B97C0 /* ConversationManagement */,
				F2BFC1552CAEDE1D000B97C0 /* DatabaseManagement */,
				F2BFC14A2CAEDE1D000B97C0 /* DebugManagement */,
				F2BFC14E2CAEDE1D000B97C0 /* DemoManagement */,
				F2BFC15B2CAEDE1D000B97C0 /* Logging */,
				F2BFC15D2CAEDE1D000B97C0 /* MIAWConfiguration */,
				F2BFC14C2CAEDE1D000B97C0 /* RemoteLocale */,
				F2BFC1572CAEDE1D000B97C0 /* UIOverrides */,
				F2F193DA2CB44B0A00B54AE8 /* UIReplacementManagement */,
			);
			path = Sections;
			sourceTree = "<group>";
		};
		F2BFC1452CAEDE1D000B97C0 /* ClientDelegates */ = {
			isa = PBXGroup;
			children = (
				F2BFC1462CAEDE1D000B97C0 /* PrePopulatedPreChatClosureConfiguration.swift */,
				F2BFC1472CAEDE1D000B97C0 /* TemplateURLDelegateConfiguration.swift */,
				F2BFC1482CAEDE1D000B97C0 /* HiddenPreChatDelegateConfiguration.swift */,
				F2BFC1492CAEDE1D000B97C0 /* DelegateManagementSettings.swift */,
			);
			path = ClientDelegates;
			sourceTree = "<group>";
		};
		F2BFC14A2CAEDE1D000B97C0 /* DebugManagement */ = {
			isa = PBXGroup;
			children = (
				F2BFC14B2CAEDE1D000B97C0 /* DeveloperSettings.swift */,
			);
			path = DebugManagement;
			sourceTree = "<group>";
		};
		F2BFC14C2CAEDE1D000B97C0 /* RemoteLocale */ = {
			isa = PBXGroup;
			children = (
				F2BFC14D2CAEDE1D000B97C0 /* RemoteLocaleSettings.swift */,
			);
			path = RemoteLocale;
			sourceTree = "<group>";
		};
		F2BFC14E2CAEDE1D000B97C0 /* DemoManagement */ = {
			isa = PBXGroup;
			children = (
				F2BFC14F2CAEDE1D000B97C0 /* DemoManagementSettings.swift */,
			);
			path = DemoManagement;
			sourceTree = "<group>";
		};
		F2BFC1502CAEDE1D000B97C0 /* ConversationManagement */ = {
			isa = PBXGroup;
			children = (
				F2BFC1512CAEDE1D000B97C0 /* ConversationPicker.swift */,
				F2BFC1522CAEDE1D000B97C0 /* ConversationManagementSettings.swift */,
			);
			path = ConversationManagement;
			sourceTree = "<group>";
		};
		F2BFC1552CAEDE1D000B97C0 /* DatabaseManagement */ = {
			isa = PBXGroup;
			children = (
				F2BFC1562CAEDE1D000B97C0 /* DatabaseManagementSettings.swift */,
			);
			path = DatabaseManagement;
			sourceTree = "<group>";
		};
		F2BFC1572CAEDE1D000B97C0 /* UIOverrides */ = {
			isa = PBXGroup;
			children = (
				F2BFC1582CAEDE1D000B97C0 /* UIOverrideSettings.swift */,
			);
			path = UIOverrides;
			sourceTree = "<group>";
		};
		F2BFC15B2CAEDE1D000B97C0 /* Logging */ = {
			isa = PBXGroup;
			children = (
				F2BFC15C2CAEDE1D000B97C0 /* LoggingSettings.swift */,
			);
			path = Logging;
			sourceTree = "<group>";
		};
		F2BFC15D2CAEDE1D000B97C0 /* MIAWConfiguration */ = {
			isa = PBXGroup;
			children = (
				F2DE42802E0480B600C07239 /* PassthroughVerificationSettings.swift */,
				F2BFC15E2CAEDE1D000B97C0 /* MIAWConfigurationSettings.swift */,
				F2BFC15F2CAEDE1D000B97C0 /* UserVerificationSettings.swift */,
			);
			path = MIAWConfiguration;
			sourceTree = "<group>";
		};
		F2BFC1602CAEDE1D000B97C0 /* FormInput */ = {
			isa = PBXGroup;
			children = (
				04AD13612E6F2444002FDBD6 /* SettingNavigationLink.swift */,
				F2BFC1612CAEDE1D000B97C0 /* SettingsToggle.swift */,
				F2BFC1622CAEDE1D000B97C0 /* SettingsKeyValueManager.swift */,
				F2BFC1632CAEDE1D000B97C0 /* SettingsSlider.swift */,
				F2BFC1642CAEDE1D000B97C0 /* SettingsSection.swift */,
				F2BFC1652CAEDE1D000B97C0 /* SettingsButton.swift */,
				F2BFC1662CAEDE1D000B97C0 /* SettingsPicker.swift */,
				F2BFC1672CAEDE1D000B97C0 /* SettingsTextField.swift */,
			);
			path = FormInput;
			sourceTree = "<group>";
		};
		F2BFC16B2CAEDE1D000B97C0 /* Models */ = {
			isa = PBXGroup;
			children = (
				F2BFC16C2CAEDE1D000B97C0 /* ConnectionConfigurationModel.swift */,
				F2BFC16D2CAEDE1D000B97C0 /* BasicKeyValuePair.swift */,
				F2BFC16E2CAEDE1D000B97C0 /* PrePopulatedPreChatKeyValuePair.swift */,
				F2BFC16F2CAEDE1D000B97C0 /* UIReplacementModel.swift */,
			);
			path = Models;
			sourceTree = "<group>";
		};
		F2BFC1702CAEDE1D000B97C0 /* Storage */ = {
			isa = PBXGroup;
			children = (
				F2BFC1712CAEDE1D000B97C0 /* SettingsStore.swift */,
			);
			path = Storage;
			sourceTree = "<group>";
		};
		F2BFC1722CAEDE1E000B97C0 /* Extensions */ = {
			isa = PBXGroup;
			children = (
				F2BFC1732CAEDE1E000B97C0 /* Array+RawRepresentable.swift */,
				F2BFC1742CAEDE1E000B97C0 /* Dictionary+RawRepresentable.swift */,
			);
			path = Extensions;
			sourceTree = "<group>";
		};
		F2BFC1752CAEDE1E000B97C0 /* Common */ = {
			isa = PBXGroup;
			children = (
				F2BFC1762CAEDE1E000B97C0 /* LabelledText.swift */,
				F2BFC1772CAEDE1E000B97C0 /* KeyValuePairRow.swift */,
				F2A9FE322D835E8A008163E9 /* Instructions.swift */,
			);
			path = Common;
			sourceTree = "<group>";
		};
		F2BFC1792CAEDE1E000B97C0 /* Protocols */ = {
			isa = PBXGroup;
			children = (
				F2A9FE3D2D848AA1008163E9 /* DeveloperToggle.swift */,
				F2665FE62CB819D80044B7BF /* EnvironmentSettings.swift */,
				F2BFC17A2CAEDE1E000B97C0 /* KeyValuePair.swift */,
				F2BFC17B2CAEDE1E000B97C0 /* Settings.swift */,
			);
			path = Protocols;
			sourceTree = "<group>";
		};
		F2BFC1A12CAEDE6C000B97C0 /* VersionWrapping */ = {
			isa = PBXGroup;
			children = (
				F2BFC1A22CAEDE6C000B97C0 /* WrappedNavigationStack.swift */,
				F2BFC1A32CAEDE6C000B97C0 /* WrappedKeyboardDismiss.swift */,
				F2BFC1A42CAEDE6C000B97C0 /* WrappedNavigationBarItems.swift */,
			);
			path = VersionWrapping;
			sourceTree = "<group>";
		};
		F2BFC1A82CAEE33B000B97C0 /* Enums */ = {
			isa = PBXGroup;
			children = (
				2733267A2E0436150032EC75 /* NavBarReplacementCategory.swift */,
				F2DE42822E04814000C07239 /* AuthorizationMethod.swift */,
				F2F193DC2CB44B6700B54AE8 /* UIReplacementCategory.swift */,
				F2BFC16A2CAEDE1D000B97C0 /* ConnectionEnvironment.swift */,
			);
			path = Enums;
			sourceTree = "<group>";
		};
		F2F193DA2CB44B0A00B54AE8 /* UIReplacementManagement */ = {
			isa = PBXGroup;
			children = (
				2725502F2E0B175000A3BC65 /* NavBarReplacement */,
				274888962E048EA900B2EFAA /* ReplacementSettings.swift */,
				F2F193D92CB44B0A00B54AE8 /* UIReplacementSettings.swift */,
			);
			path = UIReplacementManagement;
			sourceTree = "<group>";
		};
		F2F193E92CB44BC900B54AE8 /* ConversationEntry */ = {
			isa = PBXGroup;
			children = (
				F2F193DE2CB44BC900B54AE8 /* AttachmentReplacement.swift */,
				F2F193DF2CB44BC900B54AE8 /* CarouselReplacement.swift */,
				F2F193E02CB44BC900B54AE8 /* ChoiceResponseReplacement.swift */,
				F2F193E12CB44BC900B54AE8 /* FormInputsReplacement.swift */,
				F2F193E22CB44BC900B54AE8 /* FormResultReplacement.swift */,
				F2F193E32CB44BC900B54AE8 /* ListPickerReplacement.swift */,
				04AFF5682E46643300D6DCDA /* SessionStatusChangedReplacement.swift */,
				F2F193E42CB44BC900B54AE8 /* ParticipantChangedReplacement.swift */,
				F2F193E52CB44BC900B54AE8 /* QuickReplyReplacement.swift */,
				F2F193E62CB44BC900B54AE8 /* RichLinkReplacement.swift */,
				F2F193E72CB44BC900B54AE8 /* TextMessageReplacement.swift */,
				F2F193E82CB44BC900B54AE8 /* WebViewReplacement.swift */,
			);
			path = ConversationEntry;
			sourceTree = "<group>";
		};
		F2F193ED2CB44BC900B54AE8 /* Models */ = {
			isa = PBXGroup;
			children = (
				F2F193E92CB44BC900B54AE8 /* ConversationEntry */,
				F2F193EA2CB44BC900B54AE8 /* DateBreakReplacement.swift */,
				F2F193EB2CB44BC900B54AE8 /* PreChatReceiptReplacement.swift */,
				F2F193EC2CB44BC900B54AE8 /* TypingIndicatorReplacement.swift */,
				04D0AA792D4166FB00BFA27F /* ProgressIndicatorReplacement.swift */,
				042B91D52E31634300B77BFA /* QueuePositionReplacement.swift */,
			);
			path = Models;
			sourceTree = "<group>";
		};
		F2F193F22CB44BC900B54AE8 /* Views */ = {
			isa = PBXGroup;
			children = (
				F2F193EE2CB44BC900B54AE8 /* Border.swift */,
				F2F193EF2CB44BC900B54AE8 /* EntryContainerReplacement.swift */,
				F2F193F02CB44BC900B54AE8 /* ImageReplacement.swift */,
				F2F193F12CB44BC900B54AE8 /* TextReplacement.swift */,
				F2F193F32CB44BC900B54AE9 /* ConversationClosedReplacement.swift */,
			);
			path = Views;
			sourceTree = "<group>";
		};
		F2F193F32CB44BC900B54AE8 /* ReplacementUI */ = {
			isa = PBXGroup;
			children = (
				F2F193ED2CB44BC900B54AE8 /* Models */,
				F2F193F22CB44BC900B54AE8 /* Views */,
			);
			path = ReplacementUI;
			sourceTree = "<group>";
		};
/* End PBXGroup section */

/* Begin PBXNativeTarget section */
		27B2C6CF2A30E3AD00DC6740 /* MessagingUIExample */ = {
			isa = PBXNativeTarget;
			buildConfigurationList = 27B2C6DE2A30E3AF00DC6740 /* Build configuration list for PBXNativeTarget "MessagingUIExample" */;
			buildPhases = (
				27B2C6CC2A30E3AD00DC6740 /* Sources */,
				27B2C6CD2A30E3AD00DC6740 /* Frameworks */,
				27B2C6CE2A30E3AD00DC6740 /* Resources */,
			);
			buildRules = (
			);
			dependencies = (
			);
			name = MessagingUIExample;
			packageProductDependencies = (
				0440A2432C18B2E400A1B6A3 /* Swift-InAppMessaging */,
				F2DE42852E09915300C07239 /* MobileSync */,
				F2DE42872E09915300C07239 /* SalesforceAnalytics */,
				F2DE42892E09915300C07239 /* SalesforceSDKCommon */,
				F2DE428B2E09915300C07239 /* SalesforceSDKCore */,
				F2DE428D2E09915300C07239 /* SmartStore */,
			);
			productName = MessagingUIExample;
			productReference = 27B2C6D02A30E3AD00DC6740 /* MessagingUIExample.app */;
			productType = "com.apple.product-type.application";
		};
/* End PBXNativeTarget section */

/* Begin PBXProject section */
		27B2C6C82A30E3AD00DC6740 /* Project object */ = {
			isa = PBXProject;
			attributes = {
				BuildIndependentTargetsInParallel = 1;
				LastSwiftUpdateCheck = 1430;
				LastUpgradeCheck = 1430;
				TargetAttributes = {
					27B2C6CF2A30E3AD00DC6740 = {
						CreatedOnToolsVersion = 14.3;
					};
				};
			};
			buildConfigurationList = 27B2C6CB2A30E3AD00DC6740 /* Build configuration list for PBXProject "MessagingUIExample" */;
			compatibilityVersion = "Xcode 14.0";
			developmentRegion = en;
			hasScannedForEncodings = 0;
			knownRegions = (
				en,
				Base,
			);
			mainGroup = 27B2C6C72A30E3AD00DC6740;
			packageReferences = (
				0440A2422C18B2E300A1B6A3 /* XCRemoteSwiftPackageReference "Swift-Package-InAppMessaging" */,
				F2DE42842E09915300C07239 /* XCRemoteSwiftPackageReference "SalesforceMobileSDK-iOS-SPM" */,
			);
			productRefGroup = 27B2C6D12A30E3AD00DC6740 /* Products */;
			projectDirPath = "";
			projectRoot = "";
			targets = (
				27B2C6CF2A30E3AD00DC6740 /* MessagingUIExample */,
			);
		};
/* End PBXProject section */

/* Begin PBXResourcesBuildPhase section */
		27B2C6CE2A30E3AD00DC6740 /* Resources */ = {
			isa = PBXResourcesBuildPhase;
			buildActionMask = 2147483647;
			files = (
				27B2C74A2A30E7DC00DC6740 /* Localizable.strings in Resources */,
				27B2C7312A30E75400DC6740 /* Assets.xcassets in Resources */,
				27B2C7372A30E76D00DC6740 /* README.md in Resources */,
				27B2C7352A30E76200DC6740 /* MessagingUIExample--iOS--Info.plist in Resources */,
			);
			runOnlyForDeploymentPostprocessing = 0;
		};
/* End PBXResourcesBuildPhase section */

/* Begin PBXSourcesBuildPhase section */
		27B2C6CC2A30E3AD00DC6740 /* Sources */ = {
			isa = PBXSourcesBuildPhase;
			buildActionMask = 2147483647;
			files = (
				F2F193DB2CB44B0A00B54AE8 /* UIReplacementSettings.swift in Sources */,
				F2BFC17C2CAEDE1E000B97C0 /* PrePopulatedPreChatClosureConfiguration.swift in Sources */,
				F2665FE52CB819820044B7BF /* ConnectionEnvironment+Example.swift in Sources */,
				273326792E0434350032EC75 /* TestNavBarBuilder.swift in Sources */,
				27B2C73C2A30E77300DC6740 /* ContentView.swift in Sources */,
				F2BFC19D2CAEDE1E000B97C0 /* KeyValuePairRow.swift in Sources */,
				F2BFC19A2CAEDE1E000B97C0 /* Array+RawRepresentable.swift in Sources */,
				F29953232D888876002A58B9 /* ToastModifier.swift in Sources */,
				F2BFC18B2CAEDE1E000B97C0 /* UserVerificationSettings.swift in Sources */,
				04AD13602E6F23D7002FDBD6 /* FileTypeSettings.swift in Sources */,
				F2BFC1832CAEDE1E000B97C0 /* ConversationPicker.swift in Sources */,
				F2BFC19E2CAEDE1E000B97C0 /* SettingsForm.swift in Sources */,
				042B91D62E31634300B77BFA /* QueuePositionReplacement.swift in Sources */,
				04D0AA7A2D41670300BFA27F /* ProgressIndicatorReplacement.swift in Sources */,
				F2F193F42CB44BC900B54AE8 /* TypingIndicatorReplacement.swift in Sources */,
				F2F193F52CB44BC900B54AE8 /* FormResultReplacement.swift in Sources */,
				F2665FEA2CB81A2F0044B7BF /* DeveloperSettings.swift in Sources */,
				F2F193F62CB44BC900B54AE8 /* TextMessageReplacement.swift in Sources */,
				F2DE42812E0480B600C07239 /* PassthroughVerificationSettings.swift in Sources */,
				F2F193F72CB44BC900B54AE8 /* TextReplacement.swift in Sources */,
				F2F193F82CB44BC900B54AE8 /* EntryContainerReplacement.swift in Sources */,
				F2F193F92CB44BC900B54AE8 /* QuickReplyReplacement.swift in Sources */,
				F2A9FE3E2D848AAE008163E9 /* DeveloperToggle.swift in Sources */,
				F2F193FA2CB44BC900B54AE8 /* PreChatReceiptReplacement.swift in Sources */,
				F29953212D8887BD002A58B9 /* ToastView.swift in Sources */,
				F2DE42832E04814000C07239 /* AuthorizationMethod.swift in Sources */,
				F2F193FB2CB44BC900B54AE8 /* Border.swift in Sources */,
				F2F193FC2CB44BC900B54AE8 /* ChoiceResponseReplacement.swift in Sources */,
				F2F193FD2CB44BC900B54AE8 /* ParticipantChangedReplacement.swift in Sources */,
				F2F193FE2CB44BC900B54AE8 /* AttachmentReplacement.swift in Sources */,
				F2F193FF2CB44BC900B54AE8 /* FormInputsReplacement.swift in Sources */,
				F27FB5542CB4521000E243B4 /* GlobalCoreDelegateHandler+TemplatedURL.swift in Sources */,
				F299531F2D8887A3002A58B9 /* Toast.swift in Sources */,
				F2665FE72CB819D80044B7BF /* EnvironmentSettings.swift in Sources */,
				F27FB5552CB4521000E243B4 /* TestEntryViewBuilder.swift in Sources */,
				F27FB5562CB4521000E243B4 /* GlobalCoreDelegateHandler+HiddenPreChat.swift in Sources */,
				04AD13622E6F2444002FDBD6 /* SettingNavigationLink.swift in Sources */,
				272550322E0B175000A3BC65 /* NavBarReplacementSettings.swift in Sources */,
				F27FB5572CB4521000E243B4 /* GlobalCoreDelegateHandler+UserVerification.swift in Sources */,
				F27FB5582CB4521000E243B4 /* GlobalCoreDelegateHandler.swift in Sources */,
				F27FB55A2CB4521000E243B4 /* TestPrePopulatedPreChatProvider.swift in Sources */,
				F2F194002CB44BC900B54AE8 /* WebViewReplacement.swift in Sources */,
				F2F194012CB44BC900B54AE8 /* CarouselReplacement.swift in Sources */,
				F2F194022CB44BC900B54AE8 /* ListPickerReplacement.swift in Sources */,
				F2F194032CB44BC900B54AE8 /* ImageReplacement.swift in Sources */,
				F2F194042CB44BC900B54AE8 /* DateBreakReplacement.swift in Sources */,
				F2F194052CB44BC900B54AE8 /* RichLinkReplacement.swift in Sources */,
				F2F194062CB44BC900B54AE8 /* ConversationClosedReplacement.swift in Sources */,
				F2BFC19C2CAEDE1E000B97C0 /* LabelledText.swift in Sources */,
				2733267B2E0436240032EC75 /* NavBarReplacementCategory.swift in Sources */,
				F2BFC1982CAEDE1E000B97C0 /* UIReplacementModel.swift in Sources */,
				F2BFC1912CAEDE1E000B97C0 /* SettingsPicker.swift in Sources */,
				04AFF5692E46643300D6DCDA /* SessionStatusChangedReplacement.swift in Sources */,
				F2BFC1922CAEDE1E000B97C0 /* SettingsTextField.swift in Sources */,
				F2BFC1902CAEDE1E000B97C0 /* SettingsButton.swift in Sources */,
				F2BFC1992CAEDE1E000B97C0 /* SettingsStore.swift in Sources */,
				F2BFC17E2CAEDE1E000B97C0 /* HiddenPreChatDelegateConfiguration.swift in Sources */,
				F2BFC1842CAEDE1E000B97C0 /* ConversationManagementSettings.swift in Sources */,
				F2BFC19B2CAEDE1E000B97C0 /* Dictionary+RawRepresentable.swift in Sources */,
				F27FB55C2CB45B2500E243B4 /* UIKitMIAW.swift in Sources */,
				F2BFC1892CAEDE1E000B97C0 /* LoggingSettings.swift in Sources */,
				F2BFC1812CAEDE1E000B97C0 /* RemoteLocaleSettings.swift in Sources */,
				F2BFC18A2CAEDE1E000B97C0 /* MIAWConfigurationSettings.swift in Sources */,
				F2BFC18E2CAEDE1E000B97C0 /* SettingsSlider.swift in Sources */,
				F2BFC1972CAEDE1E000B97C0 /* PrePopulatedPreChatKeyValuePair.swift in Sources */,
				27B2C73B2A30E77300DC6740 /* MessagingUIExampleApp.swift in Sources */,
				F2F193DD2CB44B6700B54AE8 /* UIReplacementCategory.swift in Sources */,
				F2BFC1962CAEDE1E000B97C0 /* BasicKeyValuePair.swift in Sources */,
				F2BFC1872CAEDE1E000B97C0 /* UIOverrideSettings.swift in Sources */,
				F2BFC18C2CAEDE1E000B97C0 /* SettingsToggle.swift in Sources */,
				F2A9FE332D835E8A008163E9 /* Instructions.swift in Sources */,
				F2BFC17D2CAEDE1E000B97C0 /* TemplateURLDelegateConfiguration.swift in Sources */,
				274888972E048EB800B2EFAA /* ReplacementSettings.swift in Sources */,
				F2BFC17F2CAEDE1E000B97C0 /* DelegateManagementSettings.swift in Sources */,
				F2A95FE32E33C81500E5FD37 /* GlobalCoreDelegateHandler+ConversationClient.swift in Sources */,
				F2BFC1A62CAEDE6C000B97C0 /* WrappedKeyboardDismiss.swift in Sources */,
				F2BFC1822CAEDE1E000B97C0 /* DemoManagementSettings.swift in Sources */,
				F2BFC19F2CAEDE1E000B97C0 /* KeyValuePair.swift in Sources */,
				F2BFC1942CAEDE1E000B97C0 /* ConnectionEnvironment.swift in Sources */,
				F2BFC1862CAEDE1E000B97C0 /* DatabaseManagementSettings.swift in Sources */,
				F2BFC18F2CAEDE1E000B97C0 /* SettingsSection.swift in Sources */,
				F2BFC1A52CAEDE6C000B97C0 /* WrappedNavigationStack.swift in Sources */,
				F2BFC18D2CAEDE1E000B97C0 /* SettingsKeyValueManager.swift in Sources */,
				F2BFC1952CAEDE1E000B97C0 /* ConnectionConfigurationModel.swift in Sources */,
				F2BFC1A02CAEDE1E000B97C0 /* Settings.swift in Sources */,
				F2BFC1A72CAEDE6C000B97C0 /* WrappedNavigationBarItems.swift in Sources */,
			);
			runOnlyForDeploymentPostprocessing = 0;
		};
/* End PBXSourcesBuildPhase section */

/* Begin XCBuildConfiguration section */
		27B2C6DC2A30E3AF00DC6740 /* Debug */ = {
			isa = XCBuildConfiguration;
			buildSettings = {
				ALWAYS_SEARCH_USER_PATHS = NO;
				CLANG_ANALYZER_NONNULL = YES;
				CLANG_ANALYZER_NUMBER_OBJECT_CONVERSION = YES_AGGRESSIVE;
				CLANG_CXX_LANGUAGE_STANDARD = "gnu++20";
				CLANG_ENABLE_MODULES = YES;
				CLANG_ENABLE_OBJC_ARC = YES;
				CLANG_ENABLE_OBJC_WEAK = YES;
				CLANG_WARN_BLOCK_CAPTURE_AUTORELEASING = YES;
				CLANG_WARN_BOOL_CONVERSION = YES;
				CLANG_WARN_COMMA = YES;
				CLANG_WARN_CONSTANT_CONVERSION = YES;
				CLANG_WARN_DEPRECATED_OBJC_IMPLEMENTATIONS = YES;
				CLANG_WARN_DIRECT_OBJC_ISA_USAGE = YES_ERROR;
				CLANG_WARN_DOCUMENTATION_COMMENTS = YES;
				CLANG_WARN_EMPTY_BODY = YES;
				CLANG_WARN_ENUM_CONVERSION = YES;
				CLANG_WARN_INFINITE_RECURSION = YES;
				CLANG_WARN_INT_CONVERSION = YES;
				CLANG_WARN_NON_LITERAL_NULL_CONVERSION = YES;
				CLANG_WARN_OBJC_IMPLICIT_RETAIN_SELF = YES;
				CLANG_WARN_OBJC_LITERAL_CONVERSION = YES;
				CLANG_WARN_OBJC_ROOT_CLASS = YES_ERROR;
				CLANG_WARN_QUOTED_INCLUDE_IN_FRAMEWORK_HEADER = YES;
				CLANG_WARN_RANGE_LOOP_ANALYSIS = YES;
				CLANG_WARN_STRICT_PROTOTYPES = YES;
				CLANG_WARN_SUSPICIOUS_MOVE = YES;
				CLANG_WARN_UNGUARDED_AVAILABILITY = YES_AGGRESSIVE;
				CLANG_WARN_UNREACHABLE_CODE = YES;
				CLANG_WARN__DUPLICATE_METHOD_MATCH = YES;
				COPY_PHASE_STRIP = NO;
				DEBUG_INFORMATION_FORMAT = dwarf;
				ENABLE_STRICT_OBJC_MSGSEND = YES;
				ENABLE_TESTABILITY = YES;
				GCC_C_LANGUAGE_STANDARD = gnu11;
				GCC_DYNAMIC_NO_PIC = NO;
				GCC_NO_COMMON_BLOCKS = YES;
				GCC_OPTIMIZATION_LEVEL = 0;
				GCC_PREPROCESSOR_DEFINITIONS = (
					"DEBUG=1",
					"$(inherited)",
				);
				GCC_WARN_64_TO_32_BIT_CONVERSION = YES;
				GCC_WARN_ABOUT_RETURN_TYPE = YES_ERROR;
				GCC_WARN_UNDECLARED_SELECTOR = YES;
				GCC_WARN_UNINITIALIZED_AUTOS = YES_AGGRESSIVE;
				GCC_WARN_UNUSED_FUNCTION = YES;
				GCC_WARN_UNUSED_VARIABLE = YES;
				IPHONEOS_DEPLOYMENT_TARGET = 16.4;
				MTL_ENABLE_DEBUG_INFO = INCLUDE_SOURCE;
				MTL_FAST_MATH = YES;
				ONLY_ACTIVE_ARCH = YES;
				SDKROOT = iphoneos;
				SWIFT_ACTIVE_COMPILATION_CONDITIONS = DEBUG;
				SWIFT_OPTIMIZATION_LEVEL = "-Onone";
			};
			name = Debug;
		};
		27B2C6DD2A30E3AF00DC6740 /* Release */ = {
			isa = XCBuildConfiguration;
			buildSettings = {
				ALWAYS_SEARCH_USER_PATHS = NO;
				CLANG_ANALYZER_NONNULL = YES;
				CLANG_ANALYZER_NUMBER_OBJECT_CONVERSION = YES_AGGRESSIVE;
				CLANG_CXX_LANGUAGE_STANDARD = "gnu++20";
				CLANG_ENABLE_MODULES = YES;
				CLANG_ENABLE_OBJC_ARC = YES;
				CLANG_ENABLE_OBJC_WEAK = YES;
				CLANG_WARN_BLOCK_CAPTURE_AUTORELEASING = YES;
				CLANG_WARN_BOOL_CONVERSION = YES;
				CLANG_WARN_COMMA = YES;
				CLANG_WARN_CONSTANT_CONVERSION = YES;
				CLANG_WARN_DEPRECATED_OBJC_IMPLEMENTATIONS = YES;
				CLANG_WARN_DIRECT_OBJC_ISA_USAGE = YES_ERROR;
				CLANG_WARN_DOCUMENTATION_COMMENTS = YES;
				CLANG_WARN_EMPTY_BODY = YES;
				CLANG_WARN_ENUM_CONVERSION = YES;
				CLANG_WARN_INFINITE_RECURSION = YES;
				CLANG_WARN_INT_CONVERSION = YES;
				CLANG_WARN_NON_LITERAL_NULL_CONVERSION = YES;
				CLANG_WARN_OBJC_IMPLICIT_RETAIN_SELF = YES;
				CLANG_WARN_OBJC_LITERAL_CONVERSION = YES;
				CLANG_WARN_OBJC_ROOT_CLASS = YES_ERROR;
				CLANG_WARN_QUOTED_INCLUDE_IN_FRAMEWORK_HEADER = YES;
				CLANG_WARN_RANGE_LOOP_ANALYSIS = YES;
				CLANG_WARN_STRICT_PROTOTYPES = YES;
				CLANG_WARN_SUSPICIOUS_MOVE = YES;
				CLANG_WARN_UNGUARDED_AVAILABILITY = YES_AGGRESSIVE;
				CLANG_WARN_UNREACHABLE_CODE = YES;
				CLANG_WARN__DUPLICATE_METHOD_MATCH = YES;
				COPY_PHASE_STRIP = NO;
				DEBUG_INFORMATION_FORMAT = "dwarf-with-dsym";
				ENABLE_NS_ASSERTIONS = NO;
				ENABLE_STRICT_OBJC_MSGSEND = YES;
				GCC_C_LANGUAGE_STANDARD = gnu11;
				GCC_NO_COMMON_BLOCKS = YES;
				GCC_WARN_64_TO_32_BIT_CONVERSION = YES;
				GCC_WARN_ABOUT_RETURN_TYPE = YES_ERROR;
				GCC_WARN_UNDECLARED_SELECTOR = YES;
				GCC_WARN_UNINITIALIZED_AUTOS = YES_AGGRESSIVE;
				GCC_WARN_UNUSED_FUNCTION = YES;
				GCC_WARN_UNUSED_VARIABLE = YES;
				IPHONEOS_DEPLOYMENT_TARGET = 16.4;
				MTL_ENABLE_DEBUG_INFO = NO;
				MTL_FAST_MATH = YES;
				SDKROOT = iphoneos;
				SWIFT_COMPILATION_MODE = wholemodule;
				SWIFT_OPTIMIZATION_LEVEL = "-O";
				VALIDATE_PRODUCT = YES;
			};
			name = Release;
		};
		27B2C6DF2A30E3AF00DC6740 /* Debug */ = {
			isa = XCBuildConfiguration;
			buildSettings = {
				ASSETCATALOG_COMPILER_APPICON_NAME = AppIcon;
				ASSETCATALOG_COMPILER_GLOBAL_ACCENT_COLOR_NAME = AccentColor;
				CODE_SIGN_STYLE = Automatic;
				CURRENT_PROJECT_VERSION = 1;
				DEVELOPMENT_ASSET_PATHS = "";
				DEVELOPMENT_TEAM = XD7TD9S6ZU;
				ENABLE_PREVIEWS = YES;
				GENERATE_INFOPLIST_FILE = YES;
				INFOPLIST_KEY_UIApplicationSceneManifest_Generation = YES;
				INFOPLIST_KEY_UIApplicationSupportsIndirectInputEvents = YES;
				INFOPLIST_KEY_UILaunchScreen_Generation = YES;
				INFOPLIST_KEY_UISupportedInterfaceOrientations_iPad = "UIInterfaceOrientationPortrait UIInterfaceOrientationPortraitUpsideDown UIInterfaceOrientationLandscapeLeft UIInterfaceOrientationLandscapeRight";
				INFOPLIST_KEY_UISupportedInterfaceOrientations_iPhone = "UIInterfaceOrientationPortrait UIInterfaceOrientationLandscapeLeft UIInterfaceOrientationLandscapeRight";
				IPHONEOS_DEPLOYMENT_TARGET = 17.0;
				LD_RUNPATH_SEARCH_PATHS = (
					"$(inherited)",
					"@executable_path/Frameworks",
				);
				MARKETING_VERSION = 1.0;
				PRODUCT_BUNDLE_IDENTIFIER = Salesforce.MessagingUIExample;
				PRODUCT_NAME = "$(TARGET_NAME)";
				SWIFT_EMIT_LOC_STRINGS = YES;
				SWIFT_VERSION = 5.0;
				TARGETED_DEVICE_FAMILY = "1,2";
			};
			name = Debug;
		};
		27B2C6E02A30E3AF00DC6740 /* Release */ = {
			isa = XCBuildConfiguration;
			buildSettings = {
				ASSETCATALOG_COMPILER_APPICON_NAME = AppIcon;
				ASSETCATALOG_COMPILER_GLOBAL_ACCENT_COLOR_NAME = AccentColor;
				CODE_SIGN_STYLE = Automatic;
				CURRENT_PROJECT_VERSION = 1;
				DEVELOPMENT_ASSET_PATHS = "";
				DEVELOPMENT_TEAM = XD7TD9S6ZU;
				ENABLE_PREVIEWS = YES;
				GENERATE_INFOPLIST_FILE = YES;
				INFOPLIST_KEY_UIApplicationSceneManifest_Generation = YES;
				INFOPLIST_KEY_UIApplicationSupportsIndirectInputEvents = YES;
				INFOPLIST_KEY_UILaunchScreen_Generation = YES;
				INFOPLIST_KEY_UISupportedInterfaceOrientations_iPad = "UIInterfaceOrientationPortrait UIInterfaceOrientationPortraitUpsideDown UIInterfaceOrientationLandscapeLeft UIInterfaceOrientationLandscapeRight";
				INFOPLIST_KEY_UISupportedInterfaceOrientations_iPhone = "UIInterfaceOrientationPortrait UIInterfaceOrientationLandscapeLeft UIInterfaceOrientationLandscapeRight";
				IPHONEOS_DEPLOYMENT_TARGET = 17.0;
				LD_RUNPATH_SEARCH_PATHS = (
					"$(inherited)",
					"@executable_path/Frameworks",
				);
				MARKETING_VERSION = 1.0;
				PRODUCT_BUNDLE_IDENTIFIER = Salesforce.MessagingUIExample;
				PRODUCT_NAME = "$(TARGET_NAME)";
				SWIFT_EMIT_LOC_STRINGS = YES;
				SWIFT_VERSION = 5.0;
				TARGETED_DEVICE_FAMILY = "1,2";
			};
			name = Release;
		};
/* End XCBuildConfiguration section */

/* Begin XCConfigurationList section */
		27B2C6CB2A30E3AD00DC6740 /* Build configuration list for PBXProject "MessagingUIExample" */ = {
			isa = XCConfigurationList;
			buildConfigurations = (
				27B2C6DC2A30E3AF00DC6740 /* Debug */,
				27B2C6DD2A30E3AF00DC6740 /* Release */,
			);
			defaultConfigurationIsVisible = 0;
			defaultConfigurationName = Release;
		};
		27B2C6DE2A30E3AF00DC6740 /* Build configuration list for PBXNativeTarget "MessagingUIExample" */ = {
			isa = XCConfigurationList;
			buildConfigurations = (
				27B2C6DF2A30E3AF00DC6740 /* Debug */,
				27B2C6E02A30E3AF00DC6740 /* Release */,
			);
			defaultConfigurationIsVisible = 0;
			defaultConfigurationName = Release;
		};
/* End XCConfigurationList section */

/* Begin XCRemoteSwiftPackageReference section */
		0440A2422C18B2E300A1B6A3 /* XCRemoteSwiftPackageReference "Swift-Package-InAppMessaging" */ = {
			isa = XCRemoteSwiftPackageReference;
			repositoryURL = "https://github.com/Salesforce-Async-Messaging/Swift-Package-InAppMessaging.git";
			requirement = {
				kind = upToNextMajorVersion;
				minimumVersion = 1.0.0;
			};
		};
		F2DE42842E09915300C07239 /* XCRemoteSwiftPackageReference "SalesforceMobileSDK-iOS-SPM" */ = {
			isa = XCRemoteSwiftPackageReference;
			repositoryURL = "https://github.com/forcedotcom/SalesforceMobileSDK-iOS-SPM";
			requirement = {
				kind = upToNextMajorVersion;
				minimumVersion = 13.0.1;
			};
		};
/* End XCRemoteSwiftPackageReference section */

/* Begin XCSwiftPackageProductDependency section */
		0440A2432C18B2E400A1B6A3 /* Swift-InAppMessaging */ = {
			isa = XCSwiftPackageProductDependency;
			package = 0440A2422C18B2E300A1B6A3 /* XCRemoteSwiftPackageReference "Swift-Package-InAppMessaging" */;
			productName = "Swift-InAppMessaging";
		};
		F2DE42852E09915300C07239 /* MobileSync */ = {
			isa = XCSwiftPackageProductDependency;
			package = F2DE42842E09915300C07239 /* XCRemoteSwiftPackageReference "SalesforceMobileSDK-iOS-SPM" */;
			productName = MobileSync;
		};
		F2DE42872E09915300C07239 /* SalesforceAnalytics */ = {
			isa = XCSwiftPackageProductDependency;
			package = F2DE42842E09915300C07239 /* XCRemoteSwiftPackageReference "SalesforceMobileSDK-iOS-SPM" */;
			productName = SalesforceAnalytics;
		};
		F2DE42892E09915300C07239 /* SalesforceSDKCommon */ = {
			isa = XCSwiftPackageProductDependency;
			package = F2DE42842E09915300C07239 /* XCRemoteSwiftPackageReference "SalesforceMobileSDK-iOS-SPM" */;
			productName = SalesforceSDKCommon;
		};
		F2DE428B2E09915300C07239 /* SalesforceSDKCore */ = {
			isa = XCSwiftPackageProductDependency;
			package = F2DE42842E09915300C07239 /* XCRemoteSwiftPackageReference "SalesforceMobileSDK-iOS-SPM" */;
			productName = SalesforceSDKCore;
		};
		F2DE428D2E09915300C07239 /* SmartStore */ = {
			isa = XCSwiftPackageProductDependency;
			package = F2DE42842E09915300C07239 /* XCRemoteSwiftPackageReference "SalesforceMobileSDK-iOS-SPM" */;
			productName = SmartStore;
		};
/* End XCSwiftPackageProductDependency section */
	};
	rootObject = 27B2C6C82A30E3AD00DC6740 /* Project object */;
}
