// !$*UTF8*$!
{
	archiveVersion = 1;
	classes = {
	};
	objectVersion = 56;
	objects = {

/* Begin PBXBuildFile section */
		27B2C6E32A30E42400DC6740 /* Swift-InAppMessaging in Frameworks */ = {isa = PBXBuildFile; productRef = 27B2C6E22A30E42400DC6740 /* Swift-InAppMessaging */; };
		27B2C7312A30E75400DC6740 /* Assets.xcassets in Resources */ = {isa = PBXBuildFile; fileRef = 27B2C7302A30E75400DC6740 /* Assets.xcassets */; };
		27B2C7332A30E75900DC6740 /* configFile.json in Resources */ = {isa = PBXBuildFile; fileRef = 27B2C7322A30E75900DC6740 /* configFile.json */; };
		27B2C7352A30E76200DC6740 /* MessagingUIExample--iOS--Info.plist in Resources */ = {isa = PBXBuildFile; fileRef = 27B2C7342A30E76200DC6740 /* MessagingUIExample--iOS--Info.plist */; };
		27B2C7372A30E76D00DC6740 /* README.md in Resources */ = {isa = PBXBuildFile; fileRef = 27B2C7362A30E76D00DC6740 /* README.md */; };
		27B2C73B2A30E77300DC6740 /* MessagingUIExampleApp.swift in Sources */ = {isa = PBXBuildFile; fileRef = 27B2C7392A30E77300DC6740 /* MessagingUIExampleApp.swift */; };
		27B2C73C2A30E77300DC6740 /* ContentView.swift in Sources */ = {isa = PBXBuildFile; fileRef = 27B2C73A2A30E77300DC6740 /* ContentView.swift */; };
		27B2C73F2A30E77800DC6740 /* MessagingController.swift in Sources */ = {isa = PBXBuildFile; fileRef = 27B2C73E2A30E77800DC6740 /* MessagingController.swift */; };
		27B2C7452A30E77D00DC6740 /* MessagingController+UserVerificationDelegate.swift in Sources */ = {isa = PBXBuildFile; fileRef = 27B2C7412A30E77D00DC6740 /* MessagingController+UserVerificationDelegate.swift */; };
		27B2C7462A30E77D00DC6740 /* MessagingController+HiddenPreChatDelegate.swift in Sources */ = {isa = PBXBuildFile; fileRef = 27B2C7422A30E77D00DC6740 /* MessagingController+HiddenPreChatDelegate.swift */; };
		27B2C7472A30E77D00DC6740 /* MessagingController+CoreDelegate.swift in Sources */ = {isa = PBXBuildFile; fileRef = 27B2C7432A30E77D00DC6740 /* MessagingController+CoreDelegate.swift */; };
		27B2C7482A30E77D00DC6740 /* MessagingController+TemplatedUrlDelegate.swift.swift in Sources */ = {isa = PBXBuildFile; fileRef = 27B2C7442A30E77D00DC6740 /* MessagingController+TemplatedUrlDelegate.swift.swift */; };
		27B2C74A2A30E7DC00DC6740 /* Localizable.strings in Resources */ = {isa = PBXBuildFile; fileRef = 27B2C7492A30E7DC00DC6740 /* Localizable.strings */; };
/* End PBXBuildFile section */

/* Begin PBXFileReference section */
		27B2C6D02A30E3AD00DC6740 /* MessagingUIExample.app */ = {isa = PBXFileReference; explicitFileType = wrapper.application; includeInIndex = 0; path = MessagingUIExample.app; sourceTree = BUILT_PRODUCTS_DIR; };
		27B2C7302A30E75400DC6740 /* Assets.xcassets */ = {isa = PBXFileReference; lastKnownFileType = folder.assetcatalog; path = Assets.xcassets; sourceTree = "<group>"; };
		27B2C7322A30E75900DC6740 /* configFile.json */ = {isa = PBXFileReference; fileEncoding = 4; lastKnownFileType = text.json; path = configFile.json; sourceTree = "<group>"; };
		27B2C7342A30E76200DC6740 /* MessagingUIExample--iOS--Info.plist */ = {isa = PBXFileReference; fileEncoding = 4; lastKnownFileType = text.plist.xml; path = "MessagingUIExample--iOS--Info.plist"; sourceTree = "<group>"; };
		27B2C7362A30E76D00DC6740 /* README.md */ = {isa = PBXFileReference; fileEncoding = 4; lastKnownFileType = net.daringfireball.markdown; path = README.md; sourceTree = "<group>"; };
		27B2C7392A30E77300DC6740 /* MessagingUIExampleApp.swift */ = {isa = PBXFileReference; fileEncoding = 4; lastKnownFileType = sourcecode.swift; path = MessagingUIExampleApp.swift; sourceTree = "<group>"; };
		27B2C73A2A30E77300DC6740 /* ContentView.swift */ = {isa = PBXFileReference; fileEncoding = 4; lastKnownFileType = sourcecode.swift; path = ContentView.swift; sourceTree = "<group>"; };
		27B2C73E2A30E77800DC6740 /* MessagingController.swift */ = {isa = PBXFileReference; fileEncoding = 4; lastKnownFileType = sourcecode.swift; path = MessagingController.swift; sourceTree = "<group>"; };
		27B2C7412A30E77D00DC6740 /* MessagingController+UserVerificationDelegate.swift */ = {isa = PBXFileReference; fileEncoding = 4; lastKnownFileType = sourcecode.swift; path = "MessagingController+UserVerificationDelegate.swift"; sourceTree = "<group>"; };
		27B2C7422A30E77D00DC6740 /* MessagingController+HiddenPreChatDelegate.swift */ = {isa = PBXFileReference; fileEncoding = 4; lastKnownFileType = sourcecode.swift; path = "MessagingController+HiddenPreChatDelegate.swift"; sourceTree = "<group>"; };
		27B2C7432A30E77D00DC6740 /* MessagingController+CoreDelegate.swift */ = {isa = PBXFileReference; fileEncoding = 4; lastKnownFileType = sourcecode.swift; path = "MessagingController+CoreDelegate.swift"; sourceTree = "<group>"; };
		27B2C7442A30E77D00DC6740 /* MessagingController+TemplatedUrlDelegate.swift.swift */ = {isa = PBXFileReference; fileEncoding = 4; lastKnownFileType = sourcecode.swift; path = "MessagingController+TemplatedUrlDelegate.swift.swift"; sourceTree = "<group>"; };
		27B2C7492A30E7DC00DC6740 /* Localizable.strings */ = {isa = PBXFileReference; fileEncoding = 4; lastKnownFileType = text.plist.strings; path = Localizable.strings; sourceTree = "<group>"; };
/* End PBXFileReference section */

/* Begin PBXFrameworksBuildPhase section */
		27B2C6CD2A30E3AD00DC6740 /* Frameworks */ = {
			isa = PBXFrameworksBuildPhase;
			buildActionMask = 2147483647;
			files = (
				27B2C6E32A30E42400DC6740 /* Swift-InAppMessaging in Frameworks */,
			);
			runOnlyForDeploymentPostprocessing = 0;
		};
/* End PBXFrameworksBuildPhase section */

/* Begin PBXGroup section */
		27B2C6C72A30E3AD00DC6740 = {
			isa = PBXGroup;
			children = (
				27B2C7402A30E77D00DC6740 /* Delegates */,
				27B2C73D2A30E77800DC6740 /* Models */,
				27B2C7382A30E77300DC6740 /* Views */,
				27B2C7342A30E76200DC6740 /* MessagingUIExample--iOS--Info.plist */,
				27B2C7302A30E75400DC6740 /* Assets.xcassets */,
				27B2C7492A30E7DC00DC6740 /* Localizable.strings */,
				27B2C7322A30E75900DC6740 /* configFile.json */,
				27B2C7362A30E76D00DC6740 /* README.md */,
				27B2C6D12A30E3AD00DC6740 /* Products */,
			);
			sourceTree = "<group>";
		};
		27B2C6D12A30E3AD00DC6740 /* Products */ = {
			isa = PBXGroup;
			children = (
				27B2C6D02A30E3AD00DC6740 /* MessagingUIExample.app */,
			);
			name = Products;
			sourceTree = "<group>";
		};
		27B2C7382A30E77300DC6740 /* Views */ = {
			isa = PBXGroup;
			children = (
				27B2C7392A30E77300DC6740 /* MessagingUIExampleApp.swift */,
				27B2C73A2A30E77300DC6740 /* ContentView.swift */,
			);
			path = Views;
			sourceTree = "<group>";
		};
		27B2C73D2A30E77800DC6740 /* Models */ = {
			isa = PBXGroup;
			children = (
				27B2C73E2A30E77800DC6740 /* MessagingController.swift */,
			);
			path = Models;
			sourceTree = "<group>";
		};
		27B2C7402A30E77D00DC6740 /* Delegates */ = {
			isa = PBXGroup;
			children = (
				27B2C7422A30E77D00DC6740 /* MessagingController+HiddenPreChatDelegate.swift */,
				27B2C7432A30E77D00DC6740 /* MessagingController+CoreDelegate.swift */,
				27B2C7442A30E77D00DC6740 /* MessagingController+TemplatedUrlDelegate.swift.swift */,
				27B2C7412A30E77D00DC6740 /* MessagingController+UserVerificationDelegate.swift */,
			);
			path = Delegates;
			sourceTree = "<group>";
		};
/* End PBXGroup section */

/* Begin PBXNativeTarget section */
		27B2C6CF2A30E3AD00DC6740 /* MessagingUIExample */ = {
			isa = PBXNativeTarget;
			buildConfigurationList = 27B2C6DE2A30E3AF00DC6740 /* Build configuration list for PBXNativeTarget "MessagingUIExample" */;
			buildPhases = (
				27B2C6CC2A30E3AD00DC6740 /* Sources */,
				27B2C6CD2A30E3AD00DC6740 /* Frameworks */,
				27B2C6CE2A30E3AD00DC6740 /* Resources */,
			);
			buildRules = (
			);
			dependencies = (
			);
			name = MessagingUIExample;
			packageProductDependencies = (
				27B2C6E22A30E42400DC6740 /* Swift-InAppMessaging */,
			);
			productName = MessagingUIExample;
			productReference = 27B2C6D02A30E3AD00DC6740 /* MessagingUIExample.app */;
			productType = "com.apple.product-type.application";
		};
/* End PBXNativeTarget section */

/* Begin PBXProject section */
		27B2C6C82A30E3AD00DC6740 /* Project object */ = {
			isa = PBXProject;
			attributes = {
				BuildIndependentTargetsInParallel = 1;
				LastSwiftUpdateCheck = 1430;
				LastUpgradeCheck = 1430;
				TargetAttributes = {
					27B2C6CF2A30E3AD00DC6740 = {
						CreatedOnToolsVersion = 14.3;
					};
				};
			};
			buildConfigurationList = 27B2C6CB2A30E3AD00DC6740 /* Build configuration list for PBXProject "MessagingUIExample" */;
			compatibilityVersion = "Xcode 14.0";
			developmentRegion = en;
			hasScannedForEncodings = 0;
			knownRegions = (
				en,
				Base,
			);
			mainGroup = 27B2C6C72A30E3AD00DC6740;
			packageReferences = (
				27B2C6E12A30E42400DC6740 /* XCRemoteSwiftPackageReference "Swift-Package-InAppMessaging" */,
			);
			productRefGroup = 27B2C6D12A30E3AD00DC6740 /* Products */;
			projectDirPath = "";
			projectRoot = "";
			targets = (
				27B2C6CF2A30E3AD00DC6740 /* MessagingUIExample */,
			);
		};
/* End PBXProject section */

/* Begin PBXResourcesBuildPhase section */
		27B2C6CE2A30E3AD00DC6740 /* Resources */ = {
			isa = PBXResourcesBuildPhase;
			buildActionMask = 2147483647;
			files = (
				27B2C74A2A30E7DC00DC6740 /* Localizable.strings in Resources */,
				27B2C7312A30E75400DC6740 /* Assets.xcassets in Resources */,
				27B2C7332A30E75900DC6740 /* configFile.json in Resources */,
				27B2C7372A30E76D00DC6740 /* README.md in Resources */,
				27B2C7352A30E76200DC6740 /* MessagingUIExample--iOS--Info.plist in Resources */,
			);
			runOnlyForDeploymentPostprocessing = 0;
		};
/* End PBXResourcesBuildPhase section */

/* Begin PBXSourcesBuildPhase section */
		27B2C6CC2A30E3AD00DC6740 /* Sources */ = {
			isa = PBXSourcesBuildPhase;
			buildActionMask = 2147483647;
			files = (
				27B2C7482A30E77D00DC6740 /* MessagingController+TemplatedUrlDelegate.swift.swift in Sources */,
				27B2C73C2A30E77300DC6740 /* ContentView.swift in Sources */,
				27B2C73F2A30E77800DC6740 /* MessagingController.swift in Sources */,
				27B2C7472A30E77D00DC6740 /* MessagingController+CoreDelegate.swift in Sources */,
				27B2C7462A30E77D00DC6740 /* MessagingController+HiddenPreChatDelegate.swift in Sources */,
				27B2C73B2A30E77300DC6740 /* MessagingUIExampleApp.swift in Sources */,
				27B2C7452A30E77D00DC6740 /* MessagingController+UserVerificationDelegate.swift in Sources */,
			);
			runOnlyForDeploymentPostprocessing = 0;
		};
/* End PBXSourcesBuildPhase section */

/* Begin XCBuildConfiguration section */
		27B2C6DC2A30E3AF00DC6740 /* Debug */ = {
			isa = XCBuildConfiguration;
			buildSettings = {
				ALWAYS_SEARCH_USER_PATHS = NO;
				CLANG_ANALYZER_NONNULL = YES;
				CLANG_ANALYZER_NUMBER_OBJECT_CONVERSION = YES_AGGRESSIVE;
				CLANG_CXX_LANGUAGE_STANDARD = "gnu++20";
				CLANG_ENABLE_MODULES = YES;
				CLANG_ENABLE_OBJC_ARC = YES;
				CLANG_ENABLE_OBJC_WEAK = YES;
				CLANG_WARN_BLOCK_CAPTURE_AUTORELEASING = YES;
				CLANG_WARN_BOOL_CONVERSION = YES;
				CLANG_WARN_COMMA = YES;
				CLANG_WARN_CONSTANT_CONVERSION = YES;
				CLANG_WARN_DEPRECATED_OBJC_IMPLEMENTATIONS = YES;
				CLANG_WARN_DIRECT_OBJC_ISA_USAGE = YES_ERROR;
				CLANG_WARN_DOCUMENTATION_COMMENTS = YES;
				CLANG_WARN_EMPTY_BODY = YES;
				CLANG_WARN_ENUM_CONVERSION = YES;
				CLANG_WARN_INFINITE_RECURSION = YES;
				CLANG_WARN_INT_CONVERSION = YES;
				CLANG_WARN_NON_LITERAL_NULL_CONVERSION = YES;
				CLANG_WARN_OBJC_IMPLICIT_RETAIN_SELF = YES;
				CLANG_WARN_OBJC_LITERAL_CONVERSION = YES;
				CLANG_WARN_OBJC_ROOT_CLASS = YES_ERROR;
				CLANG_WARN_QUOTED_INCLUDE_IN_FRAMEWORK_HEADER = YES;
				CLANG_WARN_RANGE_LOOP_ANALYSIS = YES;
				CLANG_WARN_STRICT_PROTOTYPES = YES;
				CLANG_WARN_SUSPICIOUS_MOVE = YES;
				CLANG_WARN_UNGUARDED_AVAILABILITY = YES_AGGRESSIVE;
				CLANG_WARN_UNREACHABLE_CODE = YES;
				CLANG_WARN__DUPLICATE_METHOD_MATCH = YES;
				COPY_PHASE_STRIP = NO;
				DEBUG_INFORMATION_FORMAT = dwarf;
				ENABLE_STRICT_OBJC_MSGSEND = YES;
				ENABLE_TESTABILITY = YES;
				GCC_C_LANGUAGE_STANDARD = gnu11;
				GCC_DYNAMIC_NO_PIC = NO;
				GCC_NO_COMMON_BLOCKS = YES;
				GCC_OPTIMIZATION_LEVEL = 0;
				GCC_PREPROCESSOR_DEFINITIONS = (
					"DEBUG=1",
					"$(inherited)",
				);
				GCC_WARN_64_TO_32_BIT_CONVERSION = YES;
				GCC_WARN_ABOUT_RETURN_TYPE = YES_ERROR;
				GCC_WARN_UNDECLARED_SELECTOR = YES;
				GCC_WARN_UNINITIALIZED_AUTOS = YES_AGGRESSIVE;
				GCC_WARN_UNUSED_FUNCTION = YES;
				GCC_WARN_UNUSED_VARIABLE = YES;
				IPHONEOS_DEPLOYMENT_TARGET = 16.4;
				MTL_ENABLE_DEBUG_INFO = INCLUDE_SOURCE;
				MTL_FAST_MATH = YES;
				ONLY_ACTIVE_ARCH = YES;
				SDKROOT = iphoneos;
				SWIFT_ACTIVE_COMPILATION_CONDITIONS = DEBUG;
				SWIFT_OPTIMIZATION_LEVEL = "-Onone";
			};
			name = Debug;
		};
		27B2C6DD2A30E3AF00DC6740 /* Release */ = {
			isa = XCBuildConfiguration;
			buildSettings = {
				ALWAYS_SEARCH_USER_PATHS = NO;
				CLANG_ANALYZER_NONNULL = YES;
				CLANG_ANALYZER_NUMBER_OBJECT_CONVERSION = YES_AGGRESSIVE;
				CLANG_CXX_LANGUAGE_STANDARD = "gnu++20";
				CLANG_ENABLE_MODULES = YES;
				CLANG_ENABLE_OBJC_ARC = YES;
				CLANG_ENABLE_OBJC_WEAK = YES;
				CLANG_WARN_BLOCK_CAPTURE_AUTORELEASING = YES;
				CLANG_WARN_BOOL_CONVERSION = YES;
				CLANG_WARN_COMMA = YES;
				CLANG_WARN_CONSTANT_CONVERSION = YES;
				CLANG_WARN_DEPRECATED_OBJC_IMPLEMENTATIONS = YES;
				CLANG_WARN_DIRECT_OBJC_ISA_USAGE = YES_ERROR;
				CLANG_WARN_DOCUMENTATION_COMMENTS = YES;
				CLANG_WARN_EMPTY_BODY = YES;
				CLANG_WARN_ENUM_CONVERSION = YES;
				CLANG_WARN_INFINITE_RECURSION = YES;
				CLANG_WARN_INT_CONVERSION = YES;
				CLANG_WARN_NON_LITERAL_NULL_CONVERSION = YES;
				CLANG_WARN_OBJC_IMPLICIT_RETAIN_SELF = YES;
				CLANG_WARN_OBJC_LITERAL_CONVERSION = YES;
				CLANG_WARN_OBJC_ROOT_CLASS = YES_ERROR;
				CLANG_WARN_QUOTED_INCLUDE_IN_FRAMEWORK_HEADER = YES;
				CLANG_WARN_RANGE_LOOP_ANALYSIS = YES;
				CLANG_WARN_STRICT_PROTOTYPES = YES;
				CLANG_WARN_SUSPICIOUS_MOVE = YES;
				CLANG_WARN_UNGUARDED_AVAILABILITY = YES_AGGRESSIVE;
				CLANG_WARN_UNREACHABLE_CODE = YES;
				CLANG_WARN__DUPLICATE_METHOD_MATCH = YES;
				COPY_PHASE_STRIP = NO;
				DEBUG_INFORMATION_FORMAT = "dwarf-with-dsym";
				ENABLE_NS_ASSERTIONS = NO;
				ENABLE_STRICT_OBJC_MSGSEND = YES;
				GCC_C_LANGUAGE_STANDARD = gnu11;
				GCC_NO_COMMON_BLOCKS = YES;
				GCC_WARN_64_TO_32_BIT_CONVERSION = YES;
				GCC_WARN_ABOUT_RETURN_TYPE = YES_ERROR;
				GCC_WARN_UNDECLARED_SELECTOR = YES;
				GCC_WARN_UNINITIALIZED_AUTOS = YES_AGGRESSIVE;
				GCC_WARN_UNUSED_FUNCTION = YES;
				GCC_WARN_UNUSED_VARIABLE = YES;
				IPHONEOS_DEPLOYMENT_TARGET = 16.4;
				MTL_ENABLE_DEBUG_INFO = NO;
				MTL_FAST_MATH = YES;
				SDKROOT = iphoneos;
				SWIFT_COMPILATION_MODE = wholemodule;
				SWIFT_OPTIMIZATION_LEVEL = "-O";
				VALIDATE_PRODUCT = YES;
			};
			name = Release;
		};
		27B2C6DF2A30E3AF00DC6740 /* Debug */ = {
			isa = XCBuildConfiguration;
			buildSettings = {
				ASSETCATALOG_COMPILER_APPICON_NAME = AppIcon;
				ASSETCATALOG_COMPILER_GLOBAL_ACCENT_COLOR_NAME = AccentColor;
				CODE_SIGN_STYLE = Automatic;
				CURRENT_PROJECT_VERSION = 1;
				DEVELOPMENT_ASSET_PATHS = "";
				DEVELOPMENT_TEAM = XD7TD9S6ZU;
				ENABLE_PREVIEWS = YES;
				GENERATE_INFOPLIST_FILE = YES;
				INFOPLIST_KEY_UIApplicationSceneManifest_Generation = YES;
				INFOPLIST_KEY_UIApplicationSupportsIndirectInputEvents = YES;
				INFOPLIST_KEY_UILaunchScreen_Generation = YES;
				INFOPLIST_KEY_UISupportedInterfaceOrientations_iPad = "UIInterfaceOrientationPortrait UIInterfaceOrientationPortraitUpsideDown UIInterfaceOrientationLandscapeLeft UIInterfaceOrientationLandscapeRight";
				INFOPLIST_KEY_UISupportedInterfaceOrientations_iPhone = "UIInterfaceOrientationPortrait UIInterfaceOrientationLandscapeLeft UIInterfaceOrientationLandscapeRight";
				LD_RUNPATH_SEARCH_PATHS = (
					"$(inherited)",
					"@executable_path/Frameworks",
				);
				MARKETING_VERSION = 1.0;
				PRODUCT_BUNDLE_IDENTIFIER = Salesforce.MessagingUIExample;
				PRODUCT_NAME = "$(TARGET_NAME)";
				SWIFT_EMIT_LOC_STRINGS = YES;
				SWIFT_VERSION = 5.0;
				TARGETED_DEVICE_FAMILY = "1,2";
			};
			name = Debug;
		};
		27B2C6E02A30E3AF00DC6740 /* Release */ = {
			isa = XCBuildConfiguration;
			buildSettings = {
				ASSETCATALOG_COMPILER_APPICON_NAME = AppIcon;
				ASSETCATALOG_COMPILER_GLOBAL_ACCENT_COLOR_NAME = AccentColor;
				CODE_SIGN_STYLE = Automatic;
				CURRENT_PROJECT_VERSION = 1;
				DEVELOPMENT_ASSET_PATHS = "";
				DEVELOPMENT_TEAM = XD7TD9S6ZU;
				ENABLE_PREVIEWS = YES;
				GENERATE_INFOPLIST_FILE = YES;
				INFOPLIST_KEY_UIApplicationSceneManifest_Generation = YES;
				INFOPLIST_KEY_UIApplicationSupportsIndirectInputEvents = YES;
				INFOPLIST_KEY_UILaunchScreen_Generation = YES;
				INFOPLIST_KEY_UISupportedInterfaceOrientations_iPad = "UIInterfaceOrientationPortrait UIInterfaceOrientationPortraitUpsideDown UIInterfaceOrientationLandscapeLeft UIInterfaceOrientationLandscapeRight";
				INFOPLIST_KEY_UISupportedInterfaceOrientations_iPhone = "UIInterfaceOrientationPortrait UIInterfaceOrientationLandscapeLeft UIInterfaceOrientationLandscapeRight";
				LD_RUNPATH_SEARCH_PATHS = (
					"$(inherited)",
					"@executable_path/Frameworks",
				);
				MARKETING_VERSION = 1.0;
				PRODUCT_BUNDLE_IDENTIFIER = Salesforce.MessagingUIExample;
				PRODUCT_NAME = "$(TARGET_NAME)";
				SWIFT_EMIT_LOC_STRINGS = YES;
				SWIFT_VERSION = 5.0;
				TARGETED_DEVICE_FAMILY = "1,2";
			};
			name = Release;
		};
/* End XCBuildConfiguration section */

/* Begin XCConfigurationList section */
		27B2C6CB2A30E3AD00DC6740 /* Build configuration list for PBXProject "MessagingUIExample" */ = {
			isa = XCConfigurationList;
			buildConfigurations = (
				27B2C6DC2A30E3AF00DC6740 /* Debug */,
				27B2C6DD2A30E3AF00DC6740 /* Release */,
			);
			defaultConfigurationIsVisible = 0;
			defaultConfigurationName = Release;
		};
		27B2C6DE2A30E3AF00DC6740 /* Build configuration list for PBXNativeTarget "MessagingUIExample" */ = {
			isa = XCConfigurationList;
			buildConfigurations = (
				27B2C6DF2A30E3AF00DC6740 /* Debug */,
				27B2C6E02A30E3AF00DC6740 /* Release */,
			);
			defaultConfigurationIsVisible = 0;
			defaultConfigurationName = Release;
		};
/* End XCConfigurationList section */

/* Begin XCRemoteSwiftPackageReference section */
		27B2C6E12A30E42400DC6740 /* XCRemoteSwiftPackageReference "Swift-Package-InAppMessaging" */ = {
			isa = XCRemoteSwiftPackageReference;
			repositoryURL = "https://github.com/Salesforce-Async-Messaging/Swift-Package-InAppMessaging";
			requirement = {
				kind = upToNextMajorVersion;
				minimumVersion = 1.0.0;
			};
		};
/* End XCRemoteSwiftPackageReference section */

/* Begin XCSwiftPackageProductDependency section */
		27B2C6E22A30E42400DC6740 /* Swift-InAppMessaging */ = {
			isa = XCSwiftPackageProductDependency;
			package = 27B2C6E12A30E42400DC6740 /* XCRemoteSwiftPackageReference "Swift-Package-InAppMessaging" */;
			productName = "Swift-InAppMessaging";
		};
/* End XCSwiftPackageProductDependency section */
	};
	rootObject = 27B2C6C82A30E3AD00DC6740 /* Project object */;
}
