// !$*UTF8*$!
{
	archiveVersion = 1;
	classes = {
	};
	objectVersion = 55;
	objects = {

/* Begin PBXBuildFile section */
		04B4356729F9A61E0036721F /* Localizable.strings in Resources */ = {isa = PBXBuildFile; fileRef = 04B4356929F9A61E0036721F /* Localizable.strings */; };
		87B86E062857E1C000B0DF86 /* MessagingBasicExampleApp.swift in Sources */ = {isa = PBXBuildFile; fileRef = 87B86DF62857E1BF00B0DF86 /* MessagingBasicExampleApp.swift */; };
		87B86E082857E1C000B0DF86 /* ContentView.swift in Sources */ = {isa = PBXBuildFile; fileRef = 87B86DF72857E1BF00B0DF86 /* ContentView.swift */; };
		87B86E0A2857E1C000B0DF86 /* Assets.xcassets in Resources */ = {isa = PBXBuildFile; fileRef = 87B86DF82857E1C000B0DF86 /* Assets.xcassets */; };
		87B86E152857E1E000B0DF86 /* MessagingController.swift in Sources */ = {isa = PBXBuildFile; fileRef = 87B86E142857E1E000B0DF86 /* MessagingController.swift */; };
		87CC8EC32859109A00312421 /* Swift-InAppMessaging in Frameworks */ = {isa = PBXBuildFile; productRef = 87CC8EC22859109A00312421 /* Swift-InAppMessaging */; };
		F216B3F329B90BE400F49F59 /* configFile.json in Resources */ = {isa = PBXBuildFile; fileRef = F216B3F229B90BE400F49F59 /* configFile.json */; };
/* End PBXBuildFile section */

/* Begin PBXFileReference section */
		04B4356829F9A61E0036721F /* en */ = {isa = PBXFileReference; lastKnownFileType = text.plist.strings; name = en; path = en.lproj/Localizable.strings; sourceTree = "<group>"; };
		87678FE22859435D00903F65 /* MessagingBasicExample--iOS--Info.plist */ = {isa = PBXFileReference; lastKnownFileType = text.plist; path = "MessagingBasicExample--iOS--Info.plist"; sourceTree = "<group>"; };
		87B86DF62857E1BF00B0DF86 /* MessagingBasicExampleApp.swift */ = {isa = PBXFileReference; lastKnownFileType = sourcecode.swift; path = MessagingBasicExampleApp.swift; sourceTree = "<group>"; };
		87B86DF72857E1BF00B0DF86 /* ContentView.swift */ = {isa = PBXFileReference; lastKnownFileType = sourcecode.swift; path = ContentView.swift; sourceTree = "<group>"; };
		87B86DF82857E1C000B0DF86 /* Assets.xcassets */ = {isa = PBXFileReference; lastKnownFileType = folder.assetcatalog; path = Assets.xcassets; sourceTree = "<group>"; };
		87B86DFD2857E1C000B0DF86 /* MessagingBasicExample.app */ = {isa = PBXFileReference; explicitFileType = wrapper.application; includeInIndex = 0; path = MessagingBasicExample.app; sourceTree = BUILT_PRODUCTS_DIR; };
		87B86E142857E1E000B0DF86 /* MessagingController.swift */ = {isa = PBXFileReference; lastKnownFileType = sourcecode.swift; path = MessagingController.swift; sourceTree = "<group>"; };
		F216B3F229B90BE400F49F59 /* configFile.json */ = {isa = PBXFileReference; fileEncoding = 4; lastKnownFileType = text.json; path = configFile.json; sourceTree = "<group>"; };
/* End PBXFileReference section */

/* Begin PBXFrameworksBuildPhase section */
		87B86DFA2857E1C000B0DF86 /* Frameworks */ = {
			isa = PBXFrameworksBuildPhase;
			buildActionMask = 2147483647;
			files = (
				87CC8EC32859109A00312421 /* Swift-InAppMessaging in Frameworks */,
			);
			runOnlyForDeploymentPostprocessing = 0;
		};
/* End PBXFrameworksBuildPhase section */

/* Begin PBXGroup section */
		87B86DF02857E1BF00B0DF86 = {
			isa = PBXGroup;
			children = (
				04B4356929F9A61E0036721F /* Localizable.strings */,
				87678FE22859435D00903F65 /* MessagingBasicExample--iOS--Info.plist */,
				87B86DF62857E1BF00B0DF86 /* MessagingBasicExampleApp.swift */,
				87B86DF72857E1BF00B0DF86 /* ContentView.swift */,
				87B86E142857E1E000B0DF86 /* MessagingController.swift */,
				F216B3F229B90BE400F49F59 /* configFile.json */,
				87B86DF82857E1C000B0DF86 /* Assets.xcassets */,
				87B86DFE2857E1C000B0DF86 /* Products */,
			);
			sourceTree = "<group>";
		};
		87B86DFE2857E1C000B0DF86 /* Products */ = {
			isa = PBXGroup;
			children = (
				87B86DFD2857E1C000B0DF86 /* MessagingBasicExample.app */,
			);
			name = Products;
			sourceTree = "<group>";
		};
/* End PBXGroup section */

/* Begin PBXNativeTarget section */
		87B86DFC2857E1C000B0DF86 /* MessagingBasicExample (iOS) */ = {
			isa = PBXNativeTarget;
			buildConfigurationList = 87B86E0E2857E1C000B0DF86 /* Build configuration list for PBXNativeTarget "MessagingBasicExample (iOS)" */;
			buildPhases = (
				87B86DF92857E1C000B0DF86 /* Sources */,
				87B86DFA2857E1C000B0DF86 /* Frameworks */,
				87B86DFB2857E1C000B0DF86 /* Resources */,
			);
			buildRules = (
			);
			dependencies = (
			);
			name = "MessagingBasicExample (iOS)";
			packageProductDependencies = (
				87CC8EC22859109A00312421 /* Swift-InAppMessaging */,
			);
			productName = "MessagingBasicExample (iOS)";
			productReference = 87B86DFD2857E1C000B0DF86 /* MessagingBasicExample.app */;
			productType = "com.apple.product-type.application";
		};
/* End PBXNativeTarget section */

/* Begin PBXProject section */
		87B86DF12857E1BF00B0DF86 /* Project object */ = {
			isa = PBXProject;
			attributes = {
				BuildIndependentTargetsInParallel = 1;
				LastSwiftUpdateCheck = 1330;
				LastUpgradeCheck = 1330;
				TargetAttributes = {
					87B86DFC2857E1C000B0DF86 = {
						CreatedOnToolsVersion = 13.3.1;
					};
				};
			};
			buildConfigurationList = 87B86DF42857E1BF00B0DF86 /* Build configuration list for PBXProject "MessagingBasicExample" */;
			compatibilityVersion = "Xcode 13.0";
			developmentRegion = en;
			hasScannedForEncodings = 0;
			knownRegions = (
				en,
				Base,
			);
			mainGroup = 87B86DF02857E1BF00B0DF86;
			packageReferences = (
				87CC8EC12859109A00312421 /* XCRemoteSwiftPackageReference "Swift-Package-InAppMessaging" */,
			);
			productRefGroup = 87B86DFE2857E1C000B0DF86 /* Products */;
			projectDirPath = "";
			projectRoot = "";
			targets = (
				87B86DFC2857E1C000B0DF86 /* MessagingBasicExample (iOS) */,
			);
		};
/* End PBXProject section */

/* Begin PBXResourcesBuildPhase section */
		87B86DFB2857E1C000B0DF86 /* Resources */ = {
			isa = PBXResourcesBuildPhase;
			buildActionMask = 2147483647;
			files = (
				87B86E0A2857E1C000B0DF86 /* Assets.xcassets in Resources */,
				04B4356729F9A61E0036721F /* Localizable.strings in Resources */,
				F216B3F329B90BE400F49F59 /* configFile.json in Resources */,
			);
			runOnlyForDeploymentPostprocessing = 0;
		};
/* End PBXResourcesBuildPhase section */

/* Begin PBXSourcesBuildPhase section */
		87B86DF92857E1C000B0DF86 /* Sources */ = {
			isa = PBXSourcesBuildPhase;
			buildActionMask = 2147483647;
			files = (
				87B86E082857E1C000B0DF86 /* ContentView.swift in Sources */,
				87B86E152857E1E000B0DF86 /* MessagingController.swift in Sources */,
				87B86E062857E1C000B0DF86 /* MessagingBasicExampleApp.swift in Sources */,
			);
			runOnlyForDeploymentPostprocessing = 0;
		};
/* End PBXSourcesBuildPhase section */

/* Begin PBXVariantGroup section */
		04B4356929F9A61E0036721F /* Localizable.strings */ = {
			isa = PBXVariantGroup;
			children = (
				04B4356829F9A61E0036721F /* en */,
			);
			name = Localizable.strings;
			sourceTree = "<group>";
		};
/* End PBXVariantGroup section */

/* Begin XCBuildConfiguration section */
		87B86E0C2857E1C000B0DF86 /* Debug */ = {
			isa = XCBuildConfiguration;
			buildSettings = {
				ALWAYS_SEARCH_USER_PATHS = NO;
				CLANG_ANALYZER_NONNULL = YES;
				CLANG_ANALYZER_NUMBER_OBJECT_CONVERSION = YES_AGGRESSIVE;
				CLANG_CXX_LANGUAGE_STANDARD = "gnu++17";
				CLANG_ENABLE_MODULES = YES;
				CLANG_ENABLE_OBJC_ARC = YES;
				CLANG_ENABLE_OBJC_WEAK = YES;
				CLANG_WARN_BLOCK_CAPTURE_AUTORELEASING = YES;
				CLANG_WARN_BOOL_CONVERSION = YES;
				CLANG_WARN_COMMA = YES;
				CLANG_WARN_CONSTANT_CONVERSION = YES;
				CLANG_WARN_DEPRECATED_OBJC_IMPLEMENTATIONS = YES;
				CLANG_WARN_DIRECT_OBJC_ISA_USAGE = YES_ERROR;
				CLANG_WARN_DOCUMENTATION_COMMENTS = YES;
				CLANG_WARN_EMPTY_BODY = YES;
				CLANG_WARN_ENUM_CONVERSION = YES;
				CLANG_WARN_INFINITE_RECURSION = YES;
				CLANG_WARN_INT_CONVERSION = YES;
				CLANG_WARN_NON_LITERAL_NULL_CONVERSION = YES;
				CLANG_WARN_OBJC_IMPLICIT_RETAIN_SELF = YES;
				CLANG_WARN_OBJC_LITERAL_CONVERSION = YES;
				CLANG_WARN_OBJC_ROOT_CLASS = YES_ERROR;
				CLANG_WARN_QUOTED_INCLUDE_IN_FRAMEWORK_HEADER = YES;
				CLANG_WARN_RANGE_LOOP_ANALYSIS = YES;
				CLANG_WARN_STRICT_PROTOTYPES = YES;
				CLANG_WARN_SUSPICIOUS_MOVE = YES;
				CLANG_WARN_UNGUARDED_AVAILABILITY = YES_AGGRESSIVE;
				CLANG_WARN_UNREACHABLE_CODE = YES;
				CLANG_WARN__DUPLICATE_METHOD_MATCH = YES;
				COPY_PHASE_STRIP = NO;
				DEBUG_INFORMATION_FORMAT = dwarf;
				ENABLE_STRICT_OBJC_MSGSEND = YES;
				ENABLE_TESTABILITY = YES;
				GCC_C_LANGUAGE_STANDARD = gnu11;
				GCC_DYNAMIC_NO_PIC = NO;
				GCC_NO_COMMON_BLOCKS = YES;
				GCC_OPTIMIZATION_LEVEL = 0;
				GCC_PREPROCESSOR_DEFINITIONS = (
					"DEBUG=1",
					"$(inherited)",
				);
				GCC_WARN_64_TO_32_BIT_CONVERSION = YES;
				GCC_WARN_ABOUT_RETURN_TYPE = YES_ERROR;
				GCC_WARN_UNDECLARED_SELECTOR = YES;
				GCC_WARN_UNINITIALIZED_AUTOS = YES_AGGRESSIVE;
				GCC_WARN_UNUSED_FUNCTION = YES;
				GCC_WARN_UNUSED_VARIABLE = YES;
				MTL_ENABLE_DEBUG_INFO = INCLUDE_SOURCE;
				MTL_FAST_MATH = YES;
				ONLY_ACTIVE_ARCH = YES;
				SWIFT_ACTIVE_COMPILATION_CONDITIONS = DEBUG;
				SWIFT_OPTIMIZATION_LEVEL = "-Onone";
			};
			name = Debug;
		};
		87B86E0D2857E1C000B0DF86 /* Release */ = {
			isa = XCBuildConfiguration;
			buildSettings = {
				ALWAYS_SEARCH_USER_PATHS = NO;
				CLANG_ANALYZER_NONNULL = YES;
				CLANG_ANALYZER_NUMBER_OBJECT_CONVERSION = YES_AGGRESSIVE;
				CLANG_CXX_LANGUAGE_STANDARD = "gnu++17";
				CLANG_ENABLE_MODULES = YES;
				CLANG_ENABLE_OBJC_ARC = YES;
				CLANG_ENABLE_OBJC_WEAK = YES;
				CLANG_WARN_BLOCK_CAPTURE_AUTORELEASING = YES;
				CLANG_WARN_BOOL_CONVERSION = YES;
				CLANG_WARN_COMMA = YES;
				CLANG_WARN_CONSTANT_CONVERSION = YES;
				CLANG_WARN_DEPRECATED_OBJC_IMPLEMENTATIONS = YES;
				CLANG_WARN_DIRECT_OBJC_ISA_USAGE = YES_ERROR;
				CLANG_WARN_DOCUMENTATION_COMMENTS = YES;
				CLANG_WARN_EMPTY_BODY = YES;
				CLANG_WARN_ENUM_CONVERSION = YES;
				CLANG_WARN_INFINITE_RECURSION = YES;
				CLANG_WARN_INT_CONVERSION = YES;
				CLANG_WARN_NON_LITERAL_NULL_CONVERSION = YES;
				CLANG_WARN_OBJC_IMPLICIT_RETAIN_SELF = YES;
				CLANG_WARN_OBJC_LITERAL_CONVERSION = YES;
				CLANG_WARN_OBJC_ROOT_CLASS = YES_ERROR;
				CLANG_WARN_QUOTED_INCLUDE_IN_FRAMEWORK_HEADER = YES;
				CLANG_WARN_RANGE_LOOP_ANALYSIS = YES;
				CLANG_WARN_STRICT_PROTOTYPES = YES;
				CLANG_WARN_SUSPICIOUS_MOVE = YES;
				CLANG_WARN_UNGUARDED_AVAILABILITY = YES_AGGRESSIVE;
				CLANG_WARN_UNREACHABLE_CODE = YES;
				CLANG_WARN__DUPLICATE_METHOD_MATCH = YES;
				COPY_PHASE_STRIP = NO;
				DEBUG_INFORMATION_FORMAT = "dwarf-with-dsym";
				ENABLE_NS_ASSERTIONS = NO;
				ENABLE_STRICT_OBJC_MSGSEND = YES;
				GCC_C_LANGUAGE_STANDARD = gnu11;
				GCC_NO_COMMON_BLOCKS = YES;
				GCC_WARN_64_TO_32_BIT_CONVERSION = YES;
				GCC_WARN_ABOUT_RETURN_TYPE = YES_ERROR;
				GCC_WARN_UNDECLARED_SELECTOR = YES;
				GCC_WARN_UNINITIALIZED_AUTOS = YES_AGGRESSIVE;
				GCC_WARN_UNUSED_FUNCTION = YES;
				GCC_WARN_UNUSED_VARIABLE = YES;
				MTL_ENABLE_DEBUG_INFO = NO;
				MTL_FAST_MATH = YES;
				SWIFT_COMPILATION_MODE = wholemodule;
				SWIFT_OPTIMIZATION_LEVEL = "-O";
			};
			name = Release;
		};
		87B86E0F2857E1C000B0DF86 /* Debug */ = {
			isa = XCBuildConfiguration;
			buildSettings = {
				ASSETCATALOG_COMPILER_APPICON_NAME = AppIcon;
				ASSETCATALOG_COMPILER_GLOBAL_ACCENT_COLOR_NAME = AccentColor;
				CODE_SIGN_STYLE = Automatic;
				CURRENT_PROJECT_VERSION = 1;
				ENABLE_PREVIEWS = YES;
				GENERATE_INFOPLIST_FILE = YES;
				INFOPLIST_FILE = "MessagingBasicExample--iOS--Info.plist";
				INFOPLIST_KEY_LSSupportsOpeningDocumentsInPlace = YES;
				INFOPLIST_KEY_NSCameraUsageDescription = "Used when sending an image to an agent.";
				INFOPLIST_KEY_NSPhotoLibraryUsageDescription = "Used when sending an image to an agent.";
				INFOPLIST_KEY_UIApplicationSceneManifest_Generation = YES;
				INFOPLIST_KEY_UIApplicationSupportsIndirectInputEvents = YES;
				INFOPLIST_KEY_UILaunchScreen_Generation = YES;
				INFOPLIST_KEY_UISupportedInterfaceOrientations_iPad = "UIInterfaceOrientationPortrait UIInterfaceOrientationPortraitUpsideDown UIInterfaceOrientationLandscapeLeft UIInterfaceOrientationLandscapeRight";
				INFOPLIST_KEY_UISupportedInterfaceOrientations_iPhone = "UIInterfaceOrientationPortrait UIInterfaceOrientationLandscapeLeft UIInterfaceOrientationLandscapeRight";
				IPHONEOS_DEPLOYMENT_TARGET = 15.4;
				LD_RUNPATH_SEARCH_PATHS = (
					"$(inherited)",
					"@executable_path/Frameworks",
				);
				MARKETING_VERSION = 1.0;
				PRODUCT_BUNDLE_IDENTIFIER = com.salesforce.MessagingBasicExample;
				PRODUCT_NAME = MessagingBasicExample;
				SDKROOT = iphoneos;
				SWIFT_EMIT_LOC_STRINGS = YES;
				SWIFT_VERSION = 5.0;
				TARGETED_DEVICE_FAMILY = "1,2";
			};
			name = Debug;
		};
		87B86E102857E1C000B0DF86 /* Release */ = {
			isa = XCBuildConfiguration;
			buildSettings = {
				ASSETCATALOG_COMPILER_APPICON_NAME = AppIcon;
				ASSETCATALOG_COMPILER_GLOBAL_ACCENT_COLOR_NAME = AccentColor;
				CODE_SIGN_STYLE = Automatic;
				CURRENT_PROJECT_VERSION = 1;
				ENABLE_PREVIEWS = YES;
				GENERATE_INFOPLIST_FILE = YES;
				INFOPLIST_FILE = "MessagingBasicExample--iOS--Info.plist";
				INFOPLIST_KEY_LSSupportsOpeningDocumentsInPlace = YES;
				INFOPLIST_KEY_NSCameraUsageDescription = "Used when sending an image to an agent.";
				INFOPLIST_KEY_NSPhotoLibraryUsageDescription = "Used when sending an image to an agent.";
				INFOPLIST_KEY_UIApplicationSceneManifest_Generation = YES;
				INFOPLIST_KEY_UIApplicationSupportsIndirectInputEvents = YES;
				INFOPLIST_KEY_UILaunchScreen_Generation = YES;
				INFOPLIST_KEY_UISupportedInterfaceOrientations_iPad = "UIInterfaceOrientationPortrait UIInterfaceOrientationPortraitUpsideDown UIInterfaceOrientationLandscapeLeft UIInterfaceOrientationLandscapeRight";
				INFOPLIST_KEY_UISupportedInterfaceOrientations_iPhone = "UIInterfaceOrientationPortrait UIInterfaceOrientationLandscapeLeft UIInterfaceOrientationLandscapeRight";
				IPHONEOS_DEPLOYMENT_TARGET = 15.4;
				LD_RUNPATH_SEARCH_PATHS = (
					"$(inherited)",
					"@executable_path/Frameworks",
				);
				MARKETING_VERSION = 1.0;
				PRODUCT_BUNDLE_IDENTIFIER = com.salesforce.MessagingBasicExample;
				PRODUCT_NAME = MessagingBasicExample;
				SDKROOT = iphoneos;
				SWIFT_EMIT_LOC_STRINGS = YES;
				SWIFT_VERSION = 5.0;
				TARGETED_DEVICE_FAMILY = "1,2";
				VALIDATE_PRODUCT = YES;
			};
			name = Release;
		};
/* End XCBuildConfiguration section */

/* Begin XCConfigurationList section */
		87B86DF42857E1BF00B0DF86 /* Build configuration list for PBXProject "MessagingBasicExample" */ = {
			isa = XCConfigurationList;
			buildConfigurations = (
				87B86E0C2857E1C000B0DF86 /* Debug */,
				87B86E0D2857E1C000B0DF86 /* Release */,
			);
			defaultConfigurationIsVisible = 0;
			defaultConfigurationName = Release;
		};
		87B86E0E2857E1C000B0DF86 /* Build configuration list for PBXNativeTarget "MessagingBasicExample (iOS)" */ = {
			isa = XCConfigurationList;
			buildConfigurations = (
				87B86E0F2857E1C000B0DF86 /* Debug */,
				87B86E102857E1C000B0DF86 /* Release */,
			);
			defaultConfigurationIsVisible = 0;
			defaultConfigurationName = Release;
		};
/* End XCConfigurationList section */

/* Begin XCRemoteSwiftPackageReference section */
		87CC8EC12859109A00312421 /* XCRemoteSwiftPackageReference "Swift-Package-InAppMessaging" */ = {
			isa = XCRemoteSwiftPackageReference;
			repositoryURL = "https://github.com/Salesforce-Async-Messaging/Swift-Package-InAppMessaging";
			requirement = {
				kind = upToNextMajorVersion;
				minimumVersion = 1.0.0;
			};
		};
/* End XCRemoteSwiftPackageReference section */

/* Begin XCSwiftPackageProductDependency section */
		87CC8EC22859109A00312421 /* Swift-InAppMessaging */ = {
			isa = XCSwiftPackageProductDependency;
			package = 87CC8EC12859109A00312421 /* XCRemoteSwiftPackageReference "Swift-Package-InAppMessaging" */;
			productName = "Swift-InAppMessaging";
		};
/* End XCSwiftPackageProductDependency section */
	};
	rootObject = 87B86DF12857E1BF00B0DF86 /* Project object */;
}
